<?xml version="1.0" encoding="utf-8"?>
<Project ToolsVersion="4.0" xmlns="http://schemas.microsoft.com/developer/msbuild/2003">
  <ItemGroup>
    <Filter Include="Source Files">
      <UniqueIdentifier>{4FC737F1-C7A5-4376-A066-2A32D752A2FF}</UniqueIdentifier>
      <Extensions>cpp;c;cc;cxx;def;odl;idl;hpj;bat;asm;asmx</Extensions>
    </Filter>
    <Filter Include="Header Files">
      <UniqueIdentifier>{93995380-89BD-4b04-88EB-625FBE52EBFB}</UniqueIdentifier>
      <Extensions>h;hpp;hxx;hm;inl;inc;xsd</Extensions>
    </Filter>
    <Filter Include="Resource Files">
      <UniqueIdentifier>{67DA6AB6-F800-4c08-8B7A-83BB121AAD01}</UniqueIdentifier>
      <Extensions>rc;ico;cur;bmp;dlg;rc2;rct;bin;rgs;gif;jpg;jpeg;jpe;resx;tiff;tif;png;wav</Extensions>
    </Filter>
  </ItemGroup>
  <ItemGroup>
    <ClCompile Include="src\AbstractBitmapCodec.cpp">
      <Filter>Source Files</Filter>
    </ClCompile>
    <ClCompile Include="src\AbstractCameraController.cpp">
      <Filter>Source Files</Filter>
    </ClCompile>
    <ClCompile Include="src\AbstractCursor.cpp">
      <Filter>Source Files</Filter>
    </ClCompile>
    <ClCompile Include="src\AbstractCursor2DEvent.cpp">
      <Filter>Source Files</Filter>
    </ClCompile>
    <ClCompile Include="src\AbstractCursorEvent.cpp">
      <Filter>Source Files</Filter>
    </ClCompile>
    <ClCompile Include="src\AbstractFont.cpp">
      <Filter>Source Files</Filter>
    </ClCompile>
    <ClCompile Include="src\AbstractVISLogo.cpp">
      <Filter>Source Files</Filter>
    </ClCompile>
    <ClCompile Include="src\BitmapCodecCollection.cpp">
      <Filter>Source Files</Filter>
    </ClCompile>
    <ClCompile Include="src\BitmapImage.cpp">
      <Filter>Source Files</Filter>
    </ClCompile>
    <ClCompile Include="src\BmpBitmapCodec.cpp">
      <Filter>Source Files</Filter>
    </ClCompile>
    <ClCompile Include="src\Camera.cpp">
      <Filter>Source Files</Filter>
    </ClCompile>
    <ClCompile Include="src\CameraLookAtDist.cpp">
      <Filter>Source Files</Filter>
    </ClCompile>
    <ClCompile Include="src\CameraMove2D.cpp">
      <Filter>Source Files</Filter>
    </ClCompile>
    <ClCompile Include="src\CameraParameterLimits.cpp">
      <Filter>Source Files</Filter>
    </ClCompile>
    <ClCompile Include="src\CameraParameterObserver.cpp">
      <Filter>Source Files</Filter>
    </ClCompile>
    <ClCompile Include="src\CameraParameters.cpp">
      <Filter>Source Files</Filter>
    </ClCompile>
    <ClCompile Include="src\CameraParamsEyeOverride.cpp">
      <Filter>Source Files</Filter>
    </ClCompile>
    <ClCompile Include="src\CameraParamsOverride.cpp">
      <Filter>Source Files</Filter>
    </ClCompile>
    <ClCompile Include="src\CameraParamsStore.cpp">
      <Filter>Source Files</Filter>
    </ClCompile>
    <ClCompile Include="src\CameraParamsTileRectOverride.cpp">
      <Filter>Source Files</Filter>
    </ClCompile>
    <ClCompile Include="src\CameraParamsVirtualViewOverride.cpp">
      <Filter>Source Files</Filter>
    </ClCompile>
    <ClCompile Include="src\CameraRotate2D.cpp">
      <Filter>Source Files</Filter>
    </ClCompile>
    <ClCompile Include="src\CameraRotate2DLookAt.cpp">
      <Filter>Source Files</Filter>
    </ClCompile>
    <ClCompile Include="src\CameraZoom2DAngle.cpp">
      <Filter>Source Files</Filter>
    </ClCompile>
    <ClCompile Include="src\CameraZoom2DMove.cpp">
      <Filter>Source Files</Filter>
    </ClCompile>
    <ClCompile Include="src\ColourParser.cpp">
      <Filter>Source Files</Filter>
    </ClCompile>
    <ClCompile Include="src\ColourRGBAu8.cpp">
      <Filter>Source Files</Filter>
    </ClCompile>
    <ClCompile Include="src\Cursor2D.cpp">
      <Filter>Source Files</Filter>
    </ClCompile>
    <ClCompile Include="src\Cursor2DRectLasso.cpp">
      <Filter>Source Files</Filter>
    </ClCompile>
    <ClCompile Include="src\FpsCounter.cpp">
      <Filter>Source Files</Filter>
    </ClCompile>
    <ClCompile Include="src\InputModifiers.cpp">
      <Filter>Source Files</Filter>
    </ClCompile>
    <ClCompile Include="src\MouseInteractionAdapter.cpp">
      <Filter>Source Files</Filter>
    </ClCompile>
    <ClCompile Include="src\NamedColours.cpp">
      <Filter>Source Files</Filter>
    </ClCompile>
    <ClCompile Include="src\ObservableCameraParams.cpp">
      <Filter>Source Files</Filter>
    </ClCompile>
    <ClCompile Include="src\PpmBitmapCodec.cpp">
      <Filter>Source Files</Filter>
    </ClCompile>
    <ClCompile Include="src\ZoomToRectangle.cpp">
      <Filter>Source Files</Filter>
    </ClCompile>
    <ClCompile Include="src\graphicsfunctions.cpp">
      <Filter>Source Files</Filter>
    </ClCompile>
    <ClCompile Include="src\CameraRotate2DEulerLookAt.cpp">
      <Filter>Source Files</Filter>
    </ClCompile>
    <ClCompile Include="src\BitmapPainter.cpp">
      <Filter>Source Files</Filter>
    </ClCompile>
    <ClCompile Include="src\AbstractCursor3DEvent.cpp">
      <Filter>Source Files</Filter>
    </ClCompile>
    <ClCompile Include="src\AbsoluteCursor3D.cpp">
      <Filter>Source Files</Filter>
    </ClCompile>
    <ClCompile Include="src\RelativeCursor3D.cpp">
      <Filter>Source Files</Filter>
    </ClCompile>
    <ClCompile Include="src\CameraAdjust3D.cpp">
      <Filter>Source Files</Filter>
    </ClCompile>
    <ClCompile Include="src\AbstractWindow.cpp">
      <Filter>Source Files</Filter>
    </ClCompile>
    <ClCompile Include="src\CameraParamsProjectionOverride.cpp">
      <Filter>Source Files</Filter>
    </ClCompile>
  </ItemGroup>
  <ItemGroup>
    <ClInclude Include="include\vislib\AbstractBitmapCodec.h">
      <Filter>Header Files</Filter>
    </ClInclude>
    <ClInclude Include="include\vislib\AbstractCameraController.h">
      <Filter>Header Files</Filter>
    </ClInclude>
    <ClInclude Include="include\vislib\AbstractCursor.h">
      <Filter>Header Files</Filter>
    </ClInclude>
    <ClInclude Include="include\vislib\AbstractCursor2DEvent.h">
      <Filter>Header Files</Filter>
    </ClInclude>
    <ClInclude Include="include\vislib\AbstractCursorEvent.h">
      <Filter>Header Files</Filter>
    </ClInclude>
    <ClInclude Include="include\vislib\AbstractFont.h">
      <Filter>Header Files</Filter>
    </ClInclude>
    <ClInclude Include="include\vislib\AbstractVISLogo.h">
      <Filter>Header Files</Filter>
    </ClInclude>
    <ClInclude Include="include\vislib\BitmapCodecCollection.h">
      <Filter>Header Files</Filter>
    </ClInclude>
    <ClInclude Include="include\vislib\BitmapImage.h">
      <Filter>Header Files</Filter>
    </ClInclude>
    <ClInclude Include="include\vislib\BmpBitmapCodec.h">
      <Filter>Header Files</Filter>
    </ClInclude>
    <ClInclude Include="include\vislib\Camera.h">
      <Filter>Header Files</Filter>
    </ClInclude>
    <ClInclude Include="include\vislib\CameraLookAtDist.h">
      <Filter>Header Files</Filter>
    </ClInclude>
    <ClInclude Include="include\vislib\CameraMove2D.h">
      <Filter>Header Files</Filter>
    </ClInclude>
    <ClInclude Include="include\vislib\CameraParameterLimits.h">
      <Filter>Header Files</Filter>
    </ClInclude>
    <ClInclude Include="include\vislib\CameraParameterObserver.h">
      <Filter>Header Files</Filter>
    </ClInclude>
    <ClInclude Include="include\vislib\CameraParameters.h">
      <Filter>Header Files</Filter>
    </ClInclude>
    <ClInclude Include="include\vislib\CameraParamsEyeOverride.h">
      <Filter>Header Files</Filter>
    </ClInclude>
    <ClInclude Include="include\vislib\CameraParamsOverride.h">
      <Filter>Header Files</Filter>
    </ClInclude>
    <ClInclude Include="include\vislib\CameraParamsStore.h">
      <Filter>Header Files</Filter>
    </ClInclude>
    <ClInclude Include="include\vislib\CameraParamsTileRectOverride.h">
      <Filter>Header Files</Filter>
    </ClInclude>
    <ClInclude Include="include\vislib\CameraParamsVirtualViewOverride.h">
      <Filter>Header Files</Filter>
    </ClInclude>
    <ClInclude Include="include\vislib\CameraRotate2D.h">
      <Filter>Header Files</Filter>
    </ClInclude>
    <ClInclude Include="include\vislib\CameraRotate2DLookAt.h">
      <Filter>Header Files</Filter>
    </ClInclude>
    <ClInclude Include="include\vislib\CameraZoom2DAngle.h">
      <Filter>Header Files</Filter>
    </ClInclude>
    <ClInclude Include="include\vislib\CameraZoom2DMove.h">
      <Filter>Header Files</Filter>
    </ClInclude>
    <ClInclude Include="include\vislib\ColourParser.h">
      <Filter>Header Files</Filter>
    </ClInclude>
    <ClInclude Include="include\vislib\ColourRGBAu8.h">
      <Filter>Header Files</Filter>
    </ClInclude>
    <ClInclude Include="include\vislib\Cursor2D.h">
      <Filter>Header Files</Filter>
    </ClInclude>
    <ClInclude Include="include\vislib\Cursor2DRectLasso.h">
      <Filter>Header Files</Filter>
    </ClInclude>
    <ClInclude Include="include\vislib\FpsCounter.h">
      <Filter>Header Files</Filter>
    </ClInclude>
    <ClInclude Include="include\vislib\graphicstypes.h">
      <Filter>Header Files</Filter>
    </ClInclude>
    <ClInclude Include="include\vislib\InputModifiers.h">
      <Filter>Header Files</Filter>
    </ClInclude>
    <ClInclude Include="include\vislib\MouseInteractionAdapter.h">
      <Filter>Header Files</Filter>
    </ClInclude>
    <ClInclude Include="include\vislib\NamedColours.h">
      <Filter>Header Files</Filter>
    </ClInclude>
    <ClInclude Include="include\vislib\ObservableCameraParams.h">
      <Filter>Header Files</Filter>
    </ClInclude>
    <ClInclude Include="include\vislib\PpmBitmapCodec.h">
      <Filter>Header Files</Filter>
    </ClInclude>
    <ClInclude Include="include\vislib\ZoomToRectangle.h">
      <Filter>Header Files</Filter>
    </ClInclude>
    <ClInclude Include="include\vislib\graphicsfunctions.h">
      <Filter>Header Files</Filter>
    </ClInclude>
    <ClInclude Include="include\vislib\CameraRotate2DEulerLookAt.h">
      <Filter>Header Files</Filter>
    </ClInclude>
    <ClInclude Include="include\vislib\BitmapPainter.h">
      <Filter>Header Files</Filter>
    </ClInclude>
    <ClInclude Include="include\vislib\AbstractCursor3DEvent.h">
      <Filter>Header Files</Filter>
    </ClInclude>
    <ClInclude Include="include\vislib\AbsoluteCursor3D.h">
      <Filter>Header Files</Filter>
    </ClInclude>
    <ClInclude Include="include\vislib\RelativeCursor3D.h">
      <Filter>Header Files</Filter>
    </ClInclude>
    <ClInclude Include="include\vislib\CameraAdjust3D.h">
      <Filter>Header Files</Filter>
    </ClInclude>
    <ClInclude Include="include\vislib\AbstractWindow.h">
      <Filter>Header Files</Filter>
    </ClInclude>
    <ClInclude Include="include\vislib\CameraParamsProjectionOverride.h">
      <Filter>Header Files</Filter>
    </ClInclude>
  </ItemGroup>
  <ItemGroup>
    <CustomBuildStep Include="project.mk" />
  </ItemGroup>
</Project>