<?xml version="1.0" encoding="utf-8"?>
<Project ToolsVersion="4.0" xmlns="http://schemas.microsoft.com/developer/msbuild/2003">
  <ItemGroup>
    <Filter Include="Source Files">
      <UniqueIdentifier>{4FC737F1-C7A5-4376-A066-2A32D752A2FF}</UniqueIdentifier>
      <Extensions>cpp;c;cc;cxx;def;odl;idl;hpj;bat;asm;asmx</Extensions>
    </Filter>
    <Filter Include="Header Files">
      <UniqueIdentifier>{93995380-89BD-4b04-88EB-625FBE52EBFB}</UniqueIdentifier>
      <Extensions>h;hpp;hxx;hm;inl;inc;xsd</Extensions>
    </Filter>
    <Filter Include="Resource Files">
      <UniqueIdentifier>{67DA6AB6-F800-4c08-8B7A-83BB121AAD01}</UniqueIdentifier>
      <Extensions>rc;ico;cur;bmp;dlg;rc2;rct;bin;rgs;gif;jpg;jpeg;jpe;resx;tiff;tif;png;wav</Extensions>
    </Filter>
    <Filter Include="utility">
      <UniqueIdentifier>{c3811706-f78c-4c18-a72c-7ec5ec475a07}</UniqueIdentifier>
    </Filter>
    <Filter Include="utility\Header Files">
      <UniqueIdentifier>{6e59e898-c6d0-4e7f-8dd7-d5f6746d3cfe}</UniqueIdentifier>
    </Filter>
    <Filter Include="utility\Source Files">
      <UniqueIdentifier>{a35a0d78-3b1a-4e6e-bd7a-cf85431a8dd6}</UniqueIdentifier>
    </Filter>
    <Filter Include="gl">
      <UniqueIdentifier>{a8ac84a5-133a-45c5-b236-5bbf73878644}</UniqueIdentifier>
    </Filter>
    <Filter Include="gl\Header Files">
      <UniqueIdentifier>{9921c75c-3f96-4b07-88cc-94c0d71f4ee0}</UniqueIdentifier>
    </Filter>
    <Filter Include="gl\Source Files">
      <UniqueIdentifier>{7992a8ba-ad0a-465f-850a-0856bfc95187}</UniqueIdentifier>
    </Filter>
  </ItemGroup>
  <ItemGroup>
    <ClCompile Include="src\Console.cpp">
      <Filter>Source Files</Filter>
    </ClCompile>
    <ClCompile Include="src\CoreHandle.cpp">
      <Filter>Source Files</Filter>
    </ClCompile>
    <ClCompile Include="src\JobManager.cpp">
      <Filter>Source Files</Filter>
    </ClCompile>
    <ClCompile Include="src\stdafx.cpp">
      <Filter>Source Files</Filter>
    </ClCompile>
    <ClCompile Include="src\WindowManager.cpp">
      <Filter>Source Files</Filter>
    </ClCompile>
    <ClCompile Include="src\utility\CmdLineParser.cpp">
      <Filter>utility\Source Files</Filter>
    </ClCompile>
    <ClCompile Include="src\utility\AboutInfo.cpp">
      <Filter>utility\Source Files</Filter>
    </ClCompile>
    <ClCompile Include="src\utility\WindowsUtils.cpp">
      <Filter>utility\Source Files</Filter>
    </ClCompile>
    <ClCompile Include="src\utility\ConfigHelper.cpp">
      <Filter>utility\Source Files</Filter>
    </ClCompile>
    <ClCompile Include="src\gl\Window.cpp">
      <Filter>gl\Source Files</Filter>
    </ClCompile>
    <ClCompile Include="src\gl\glfwInst.cpp">
      <Filter>gl\Source Files</Filter>
    </ClCompile>
    <ClCompile Include="src\utility\HotFixes.cpp">
      <Filter>utility\Source Files</Filter>
    </ClCompile>
    <ClCompile Include="src\AbstractUILayer.cpp">
      <Filter>Source Files</Filter>
    </ClCompile>
    <ClCompile Include="src\ViewMouseUILayer.cpp">
      <Filter>Source Files</Filter>
    </ClCompile>
    <ClCompile Include="src\gl\ATBUILayer.cpp">
      <Filter>gl\Source Files</Filter>
    </ClCompile>
    <ClCompile Include="src\gl\atbInst.cpp">
      <Filter>gl\Source Files</Filter>
    </ClCompile>
    <ClCompile Include="src\ButtonParamUILayer.cpp">
      <Filter>Source Files</Filter>
    </ClCompile>
    <ClCompile Include="src\gl\WindowEscapeHotKeysUILayer.cpp">
      <Filter>gl\Source Files</Filter>
    </ClCompile>
    <ClCompile Include="src\gl\ATBar.cpp">
      <Filter>gl\Source Files</Filter>
    </ClCompile>
    <ClCompile Include="src\gl\ATWinBar.cpp">
      <Filter>gl\Source Files</Filter>
    </ClCompile>
    <ClCompile Include="src\gl\ATParamBar.cpp">
      <Filter>gl\Source Files</Filter>
    </ClCompile>
    <ClCompile Include="src\gl\ATBToggleHotKeyUILayer.cpp">
      <Filter>gl\Source Files</Filter>
    </ClCompile>
    <ClCompile Include="src\utility\ParamFileManager.cpp">
      <Filter>utility\Source Files</Filter>
    </ClCompile>
    <ClCompile Include="src\utility\HotFixFileName.cpp">
      <Filter>utility\Source Files</Filter>
    </ClCompile>
  </ItemGroup>
  <ItemGroup>
    <ClInclude Include="src\CoreHandle.h">
      <Filter>Header Files</Filter>
    </ClInclude>
    <ClInclude Include="src\JobManager.h">
      <Filter>Header Files</Filter>
    </ClInclude>
    <ClInclude Include="src\stdafx.h">
      <Filter>Header Files</Filter>
    </ClInclude>
    <ClInclude Include="src\version.gen.h">
      <Filter>Header Files</Filter>
    </ClInclude>
    <ClInclude Include="src\version.template.h">
      <Filter>Header Files</Filter>
    </ClInclude>
    <ClInclude Include="src\versioninfo.h">
      <Filter>Header Files</Filter>
    </ClInclude>
    <ClInclude Include="src\WindowManager.h">
      <Filter>Header Files</Filter>
    </ClInclude>
    <ClInclude Include="src\utility\CmdLineParser.h">
      <Filter>utility\Header Files</Filter>
    </ClInclude>
    <ClInclude Include="src\utility\AboutInfo.h">
      <Filter>utility\Header Files</Filter>
    </ClInclude>
    <ClInclude Include="src\utility\WindowsUtils.h">
      <Filter>utility\Header Files</Filter>
    </ClInclude>
    <ClInclude Include="src\utility\ConfigHelper.h">
      <Filter>utility\Header Files</Filter>
    </ClInclude>
    <ClInclude Include="src\gl\Window.h">
      <Filter>gl\Header Files</Filter>
    </ClInclude>
    <ClInclude Include="src\gl\glfwInst.h">
      <Filter>gl\Header Files</Filter>
    </ClInclude>
    <ClInclude Include="src\utility\HotFixes.h">
      <Filter>utility\Header Files</Filter>
    </ClInclude>
    <ClInclude Include="src\AbstractUILayer.h">
      <Filter>Header Files</Filter>
    </ClInclude>
    <ClInclude Include="src\ViewMouseUILayer.h">
      <Filter>Header Files</Filter>
    </ClInclude>
    <ClInclude Include="src\gl\ATBUILayer.h">
      <Filter>gl\Header Files</Filter>
    </ClInclude>
    <ClInclude Include="src\gl\atbInst.h">
      <Filter>gl\Header Files</Filter>
    </ClInclude>
    <ClInclude Include="src\ButtonParamUILayer.h">
      <Filter>Header Files</Filter>
    </ClInclude>
    <ClInclude Include="src\gl\WindowEscapeHotKeysUILayer.h">
      <Filter>gl\Header Files</Filter>
    </ClInclude>
    <ClInclude Include="src\gl\ATBar.h">
      <Filter>gl\Header Files</Filter>
    </ClInclude>
    <ClInclude Include="src\gl\ATWinBar.h">
      <Filter>gl\Header Files</Filter>
    </ClInclude>
    <ClInclude Include="src\gl\ATParamBar.h">
      <Filter>gl\Header Files</Filter>
    </ClInclude>
    <ClInclude Include="src\gl\ATBToggleHotKeyUILayer.h">
      <Filter>gl\Header Files</Filter>
    </ClInclude>
    <ClInclude Include="src\utility\ParamFileManager.h">
      <Filter>utility\Header Files</Filter>
    </ClInclude>
    <ClInclude Include="src\utility\HotFixFileName.h">
      <Filter>utility\Header Files</Filter>
    </ClInclude>
  </ItemGroup>
  <ItemGroup>
    <ResourceCompile Include="icons.rc">
      <Filter>Resource Files</Filter>
    </ResourceCompile>
  </ItemGroup>
  <ItemGroup>
    <CustomBuildStep Include="VersionInfo.pl" />
  </ItemGroup>
  <ItemGroup>
    <None Include="packages.config" />
  </ItemGroup>
</Project>