<?xml version="1.0" encoding="utf-8"?>
<Project ToolsVersion="4.0" xmlns="http://schemas.microsoft.com/developer/msbuild/2003">
  <ItemGroup>
    <Filter Include="Source Files">
      <UniqueIdentifier>{4FC737F1-C7A5-4376-A066-2A32D752A2FF}</UniqueIdentifier>
      <Extensions>cpp;c;cc;cxx;def;odl;idl;hpj;bat;asm;asmx</Extensions>
    </Filter>
    <Filter Include="Header Files">
      <UniqueIdentifier>{93995380-89BD-4b04-88EB-625FBE52EBFB}</UniqueIdentifier>
      <Extensions>h;hpp;hxx;hm;inl;inc;xsd</Extensions>
    </Filter>
    <Filter Include="Resource Files">
      <UniqueIdentifier>{67DA6AB6-F800-4c08-8B7A-83BB121AAD01}</UniqueIdentifier>
      <Extensions>rc;ico;cur;bmp;dlg;rc2;rct;bin;rgs;gif;jpg;jpeg;jpe;resx;tiff;tif;png;wav</Extensions>
    </Filter>
    <Filter Include="Shader Files">
      <UniqueIdentifier>{ba40defb-3086-4702-b6f2-3c9ab2b344df}</UniqueIdentifier>
      <Extensions>btf</Extensions>
    </Filter>
    <Filter Include="Config and Make Files">
      <UniqueIdentifier>{5362f4ef-8251-4de5-874a-3480840b30c2}</UniqueIdentifier>
    </Filter>
    <Filter Include="Public Header Files">
      <UniqueIdentifier>{80045de9-6cd7-4e95-a81b-8e3353b8171f}</UniqueIdentifier>
    </Filter>
    <Filter Include="io">
      <UniqueIdentifier>{6175d44b-c8d7-4780-b2de-71403b6f5a2f}</UniqueIdentifier>
    </Filter>
    <Filter Include="io\Header Files">
      <UniqueIdentifier>{42700ca0-31c5-4a36-833a-37e36fdc235f}</UniqueIdentifier>
    </Filter>
    <Filter Include="io\Source Files">
      <UniqueIdentifier>{72551f30-6716-4b3c-89e2-c9a5eae19eb6}</UniqueIdentifier>
    </Filter>
  </ItemGroup>
  <ItemGroup>
    <ClCompile Include="src/dllmain.cpp">
      <Filter>Source Files</Filter>
    </ClCompile>
    <ClCompile Include="src/mmstd_moldyn.cpp">
      <Filter>Source Files</Filter>
    </ClCompile>
    <ClCompile Include="src/stdafx.cpp">
      <Filter>Source Files</Filter>
    </ClCompile>
    <ClCompile Include="src\io\IMDAtomDataSource.cpp">
      <Filter>io\Source Files</Filter>
    </ClCompile>
    <ClCompile Include="src\io\MMSPDDataSource.cpp">
      <Filter>io\Source Files</Filter>
    </ClCompile>
    <ClCompile Include="src\io\MMSPDFrameData.cpp">
      <Filter>io\Source Files</Filter>
    </ClCompile>
    <ClCompile Include="src\io\MMSPDHeader.cpp">
      <Filter>io\Source Files</Filter>
    </ClCompile>
    <ClCompile Include="src\io\SIFFDataSource.cpp">
      <Filter>io\Source Files</Filter>
    </ClCompile>
    <ClCompile Include="src\io\SIFFWriter.cpp">
      <Filter>io\Source Files</Filter>
    </ClCompile>
    <ClCompile Include="src\io\VIMDataSource.cpp">
      <Filter>io\Source Files</Filter>
    </ClCompile>
    <ClCompile Include="src\io\VisIttDataSource.cpp">
      <Filter>io\Source Files</Filter>
    </ClCompile>
  </ItemGroup>
  <ItemGroup>
    <ClInclude Include="src/stdafx.h">
      <Filter>Header Files</Filter>
    </ClInclude>
    <ClInclude Include="src/targetver.h">
      <Filter>Header Files</Filter>
    </ClInclude>
    <ClInclude Include="include\mmstd_moldyn\mmstd_moldyn.h">
      <Filter>Public Header Files</Filter>
    </ClInclude>
    <ClInclude Include="src\io\SIFFDataSource.h">
      <Filter>io\Header Files</Filter>
    </ClInclude>
    <ClInclude Include="src\io\SIFFWriter.h">
      <Filter>io\Header Files</Filter>
    </ClInclude>
    <ClInclude Include="src\io\VIMDataSource.h">
      <Filter>io\Header Files</Filter>
    </ClInclude>
    <ClInclude Include="src\io\VisIttDataSource.h">
      <Filter>io\Header Files</Filter>
    </ClInclude>
    <ClInclude Include="src\io\IMDAtomDataSource.h">
      <Filter>io\Header Files</Filter>
    </ClInclude>
    <ClInclude Include="src\io\MMSPDDataSource.h">
      <Filter>io\Header Files</Filter>
    </ClInclude>
    <ClInclude Include="src\io\MMSPDFrameData.h">
      <Filter>io\Header Files</Filter>
    </ClInclude>
    <ClInclude Include="src\io\MMSPDHeader.h">
      <Filter>io\Header Files</Filter>
    </ClInclude>
  </ItemGroup>
  <ItemGroup>
    <None Include="config.bat">
      <Filter>Config and Make Files</Filter>
    </None>
    <None Include="configure.win.pl">
      <Filter>Config and Make Files</Filter>
    </None>
    <None Include="ExtLibs.props.input">
      <Filter>Config and Make Files</Filter>
    </None>
  </ItemGroup>
</Project>