<?xml version="1.0" encoding="utf-8"?>
<Project ToolsVersion="4.0" xmlns="http://schemas.microsoft.com/developer/msbuild/2003">
  <ItemGroup>
    <Filter Include="Source Files">
      <UniqueIdentifier>{4FC737F1-C7A5-4376-A066-2A32D752A2FF}</UniqueIdentifier>
      <Extensions>cpp;c;cc;cxx;def;odl;idl;hpj;bat;asm;asmx</Extensions>
    </Filter>
    <Filter Include="Header Files">
      <UniqueIdentifier>{93995380-89BD-4b04-88EB-625FBE52EBFB}</UniqueIdentifier>
      <Extensions>h;hpp;hxx;hm;inl;inc;xsd</Extensions>
    </Filter>
    <Filter Include="Resource Files">
      <UniqueIdentifier>{67DA6AB6-F800-4c08-8B7A-83BB121AAD01}</UniqueIdentifier>
      <Extensions>rc;ico;cur;bmp;dlg;rc2;rct;bin;rgs;gif;jpg;jpeg;jpe;resx;tiff;tif;png;wav</Extensions>
    </Filter>
    <Filter Include="Shader Files">
      <UniqueIdentifier>{ba40defb-3086-4702-b6f2-3c9ab2b344df}</UniqueIdentifier>
      <Extensions>btf</Extensions>
    </Filter>
    <Filter Include="Config and Make Files">
      <UniqueIdentifier>{5362f4ef-8251-4de5-874a-3480840b30c2}</UniqueIdentifier>
    </Filter>
  </ItemGroup>
  <ItemGroup>
    <ClCompile Include="dllmain.cpp">
      <Filter>Source Files</Filter>
    </ClCompile>
    <ClCompile Include="mmstd.datatools.cpp">
      <Filter>Source Files</Filter>
    </ClCompile>
    <ClCompile Include="stdafx.cpp">
      <Filter>Source Files</Filter>
    </ClCompile>
    <ClCompile Include="ParticleListMergeModule.cpp">
      <Filter>Source Files</Filter>
    </ClCompile>
    <ClCompile Include="DataSetTimeRewriteModule.cpp">
      <Filter>Source Files</Filter>
    </ClCompile>
  </ItemGroup>
  <ItemGroup>
    <ClInclude Include="mmstd.datatools.h">
      <Filter>Header Files</Filter>
    </ClInclude>
    <ClInclude Include="stdafx.h">
      <Filter>Header Files</Filter>
    </ClInclude>
    <ClInclude Include="targetver.h">
      <Filter>Header Files</Filter>
    </ClInclude>
    <ClInclude Include="ParticleListMergeModule.h">
      <Filter>Header Files</Filter>
    </ClInclude>
    <ClInclude Include="DataSetTimeRewriteModule.h">
      <Filter>Header Files</Filter>
    </ClInclude>
  </ItemGroup>
  <ItemGroup>
    <None Include="common.mk">
      <Filter>Config and Make Files</Filter>
    </None>
    <None Include="config.bat">
      <Filter>Config and Make Files</Filter>
    </None>
    <None Include="config.sh">
      <Filter>Config and Make Files</Filter>
    </None>
    <None Include="configure.lin.pl">
      <Filter>Config and Make Files</Filter>
    </None>
    <None Include="configure.win.pl">
      <Filter>Config and Make Files</Filter>
    </None>
    <None Include="ExtLibs.mk.input">
      <Filter>Config and Make Files</Filter>
    </None>
    <None Include="Makefile">
      <Filter>Config and Make Files</Filter>
    </None>
    <None Include="ExtLibs.props.input">
      <Filter>Config and Make Files</Filter>
    </None>
  </ItemGroup>
</Project>