<?xml version="1.0" encoding="utf-8"?>
<Project ToolsVersion="4.0" xmlns="http://schemas.microsoft.com/developer/msbuild/2003">
  <ItemGroup>
    <Filter Include="Source Files">
      <UniqueIdentifier>{4FC737F1-C7A5-4376-A066-2A32D752A2FF}</UniqueIdentifier>
      <Extensions>cpp;c;cc;cxx;def;odl;idl;hpj;bat;asm;asmx</Extensions>
    </Filter>
    <Filter Include="Header Files">
      <UniqueIdentifier>{93995380-89BD-4b04-88EB-625FBE52EBFB}</UniqueIdentifier>
      <Extensions>h;hpp;hxx;hm;inl;inc;xsd</Extensions>
    </Filter>
    <Filter Include="Resource Files">
      <UniqueIdentifier>{67DA6AB6-F800-4c08-8B7A-83BB121AAD01}</UniqueIdentifier>
      <Extensions>rc;ico;cur;bmp;dlg;rc2;rct;bin;rgs;gif;jpg;jpeg;jpe;resx;tiff;tif;png;wav</Extensions>
    </Filter>
    <Filter Include="Shader Files">
      <UniqueIdentifier>{6dc099a7-dd6b-4968-b308-88429896d00c}</UniqueIdentifier>
      <Extensions>btf</Extensions>
    </Filter>
    <Filter Include="Config and Make Files">
      <UniqueIdentifier>{10526968-a1f8-468f-9ae1-fe4c5b90ba5a}</UniqueIdentifier>
    </Filter>
    <Filter Include="CUDA Files">
      <UniqueIdentifier>{2968c56b-9b66-4953-8231-6f6daaabbcb5}</UniqueIdentifier>
    </Filter>
  </ItemGroup>
  <ItemGroup>
    <ClCompile Include="BSpline.cpp">
      <Filter>Source Files</Filter>
    </ClCompile>
    <ClCompile Include="CCP4VolumeData.cpp">
      <Filter>Source Files</Filter>
    </ClCompile>
    <ClCompile Include="CoarseGrainDataLoader.cpp">
      <Filter>Source Files</Filter>
    </ClCompile>
    <ClCompile Include="Color.cpp">
      <Filter>Source Files</Filter>
    </ClCompile>
    <ClCompile Include="Diagram2DCall.cpp">
      <Filter>Source Files</Filter>
    </ClCompile>
    <ClCompile Include="Diagram2DRenderer.cpp">
      <Filter>Source Files</Filter>
    </ClCompile>
    <ClCompile Include="dllmain.cpp">
      <Filter>Source Files</Filter>
    </ClCompile>
    <ClCompile Include="ElectrostaticsRenderer.cpp">
      <Filter>Source Files</Filter>
    </ClCompile>
    <ClCompile Include="Filter.cpp">
      <Filter>Source Files</Filter>
    </ClCompile>
    <ClCompile Include="FrodockLoader.cpp">
      <Filter>Source Files</Filter>
    </ClCompile>
    <ClCompile Include="GlButton.cpp">
      <Filter>Source Files</Filter>
    </ClCompile>
    <ClCompile Include="GlWidgetLibrary.cpp">
      <Filter>Source Files</Filter>
    </ClCompile>
    <ClCompile Include="gmx_system_xdr.c">
      <Filter>Source Files</Filter>
    </ClCompile>
    <ClCompile Include="MolecularDataCall.cpp">
      <Filter>Source Files</Filter>
    </ClCompile>
    <ClCompile Include="MoleculeCartoonRenderer.cpp">
      <Filter>Source Files</Filter>
    </ClCompile>
    <ClCompile Include="MoleculeCBCudaRenderer.cpp">
      <Filter>Source Files</Filter>
    </ClCompile>
    <ClCompile Include="MoleculeCudaSESRenderer.cpp">
      <Filter>Source Files</Filter>
    </ClCompile>
    <ClCompile Include="MoleculeSequenceRenderer.cpp">
      <Filter>Source Files</Filter>
    </ClCompile>
    <ClCompile Include="MoleculeSESRenderer.cpp">
      <Filter>Source Files</Filter>
    </ClCompile>
    <ClCompile Include="ParticleDataCall.cpp">
      <Filter>Source Files</Filter>
    </ClCompile>
    <ClCompile Include="PDBLoader.cpp">
      <Filter>Source Files</Filter>
    </ClCompile>
    <ClCompile Include="Protein.cpp">
      <Filter>Source Files</Filter>
    </ClCompile>
    <ClCompile Include="ProteinVolumeRenderer.cpp">
      <Filter>Source Files</Filter>
    </ClCompile>
    <ClCompile Include="ReducedSurface.cpp">
      <Filter>Source Files</Filter>
    </ClCompile>
    <ClCompile Include="ReducedSurfaceSimplified.cpp">
      <Filter>Source Files</Filter>
    </ClCompile>
    <ClCompile Include="RMS.cpp">
      <Filter>Source Files</Filter>
    </ClCompile>
    <ClCompile Include="SimpleMoleculeRenderer.cpp">
      <Filter>Source Files</Filter>
    </ClCompile>
    <ClCompile Include="slicing.cpp">
      <Filter>Source Files</Filter>
    </ClCompile>
    <ClCompile Include="SolPathDataCall.cpp">
      <Filter>Source Files</Filter>
    </ClCompile>
    <ClCompile Include="SolPathDataSource.cpp">
      <Filter>Source Files</Filter>
    </ClCompile>
    <ClCompile Include="SolPathRenderer.cpp">
      <Filter>Source Files</Filter>
    </ClCompile>
    <ClCompile Include="SolventDataGenerator.cpp">
      <Filter>Source Files</Filter>
    </ClCompile>
    <ClCompile Include="SolventVolumeRenderer.cpp">
      <Filter>Source Files</Filter>
    </ClCompile>
    <ClCompile Include="SphereDataCall.cpp">
      <Filter>Source Files</Filter>
    </ClCompile>
    <ClCompile Include="SphereRenderer.cpp">
      <Filter>Source Files</Filter>
    </ClCompile>
    <ClCompile Include="stdafx.cpp">
      <Filter>Source Files</Filter>
    </ClCompile>
    <ClCompile Include="Stride.cpp">
      <Filter>Source Files</Filter>
    </ClCompile>
    <ClCompile Include="VolumeSliceCall.cpp">
      <Filter>Source Files</Filter>
    </ClCompile>
    <ClCompile Include="VolumeSliceRenderer.cpp">
      <Filter>Source Files</Filter>
    </ClCompile>
    <ClCompile Include="XYZLoader.cpp">
      <Filter>Source Files</Filter>
    </ClCompile>
    <ClCompile Include="MDDriverConnector.cpp">
      <Filter>Source Files</Filter>
    </ClCompile>
    <ClCompile Include="Raw3DRelativeMouseInput.cpp">
      <Filter>Source Files</Filter>
    </ClCompile>
    <ClCompile Include="View3DSpaceMouse.cpp">
      <Filter>Source Files</Filter>
    </ClCompile>
    <ClCompile Include="HapticsMoleculeRenderer.cpp">
      <Filter>Source Files</Filter>
    </ClCompile>
    <ClCompile Include="PhantomDeviceWrapper.cpp">
      <Filter>Source Files</Filter>
    </ClCompile>
    <ClCompile Include="ForceDataCall.cpp">
      <Filter>Source Files</Filter>
    </ClCompile>
    <ClCompile Include="GROLoader.cpp">
      <Filter>Source Files</Filter>
    </ClCompile>
    <ClCompile Include="SSAORendererDeferred.cpp">
      <Filter>Source Files</Filter>
    </ClCompile>
    <ClCompile Include="ToonRendererDeferred.cpp">
      <Filter>Source Files</Filter>
    </ClCompile>
    <ClCompile Include="CrystalStructureDataCall.cpp">
      <Filter>Source Files</Filter>
    </ClCompile>
    <ClCompile Include="DataWriter.cpp">
      <Filter>Source Files</Filter>
    </ClCompile>
    <ClCompile Include="DofRendererDeferred.cpp">
      <Filter>Source Files</Filter>
    </ClCompile>
    <ClCompile Include="View3DMouse.cpp">
      <Filter>Source Files</Filter>
    </ClCompile>
    <ClCompile Include="Renderer3DModuleMouse.cpp">
      <Filter>Source Files</Filter>
    </ClCompile>
    <ClCompile Include="SphereRendererMouse.cpp">
      <Filter>Source Files</Filter>
    </ClCompile>
    <ClCompile Include="CallMouseInput.cpp">
      <Filter>Source Files</Filter>
    </ClCompile>
    <ClCompile Include="MoleculeBallifier.cpp">
      <Filter>Source Files</Filter>
    </ClCompile>
    <ClCompile Include="QuickSurfRenderer.cpp">
      <Filter>Source Files</Filter>
    </ClCompile>
    <ClCompile Include="MoleculeVolumeCudaRenderer.cpp">
      <Filter>Source Files</Filter>
    </ClCompile>
    <ClCompile Include="GLSLVolumeRenderer.cpp">
      <Filter>Source Files</Filter>
    </ClCompile>
    <ClCompile Include="WKFThreads.cpp">
      <Filter>Source Files</Filter>
    </ClCompile>
    <ClCompile Include="WKFUtils.cpp">
      <Filter>Source Files</Filter>
    </ClCompile>
    <ClCompile Include="CrystalStructureVolumeRenderer.cpp">
      <Filter>Source Files</Filter>
    </ClCompile>
    <ClCompile Include="CritPoints.cpp">
      <Filter>Source Files</Filter>
    </ClCompile>
    <ClCompile Include="LIC.cpp">
      <Filter>Source Files</Filter>
    </ClCompile>
    <ClCompile Include="UniGrid3D.cpp">
      <Filter>Source Files</Filter>
    </ClCompile>
    <ClCompile Include="CrystalStructureDataSource.cpp">
      <Filter>Source Files</Filter>
    </ClCompile>
    <ClCompile Include="QuickSurfRenderer2.cpp">
      <Filter>Source Files</Filter>
    </ClCompile>
    <ClCompile Include="QuickSurfMTRenderer.cpp">
      <Filter>Source Files</Filter>
    </ClCompile>
    <ClCompile Include="VolumeMeshRenderer.cpp">
      <Filter>Source Files</Filter>
    </ClCompile>
    <ClCompile Include="MolecularAOShader.cpp">
      <Filter>Source Files</Filter>
    </ClCompile>
    <ClCompile Include="DiagramCall.cpp">
      <Filter>Source Files</Filter>
    </ClCompile>
    <ClCompile Include="DiagramRenderer.cpp">
      <Filter>Source Files</Filter>
    </ClCompile>
    <ClCompile Include="MappableCategoryFloat.cpp">
      <Filter>Source Files</Filter>
    </ClCompile>
    <ClCompile Include="MappableFloatPair.cpp">
      <Filter>Source Files</Filter>
    </ClCompile>
    <ClCompile Include="MolecularSurfaceFeature.cpp">
      <Filter>Source Files</Filter>
    </ClCompile>
    <ClCompile Include="SplitMergeRenderer.cpp">
      <Filter>Source Files</Filter>
    </ClCompile>
    <ClCompile Include="SplitMergeCall.cpp">
      <Filter>Source Files</Filter>
    </ClCompile>
    <ClCompile Include="SplitMergeFeature.cpp">
      <Filter>Source Files</Filter>
    </ClCompile>
    <ClCompile Include="IntSelection.cpp">
      <Filter>Source Files</Filter>
    </ClCompile>
    <ClCompile Include="IntSelectionCall.cpp">
      <Filter>Source Files</Filter>
    </ClCompile>
    <ClCompile Include="AggregatedDensity.cpp">
      <Filter>Source Files</Filter>
    </ClCompile>
    <ClCompile Include="SequenceRenderer.cpp">
      <Filter>Source Files</Filter>
    </ClCompile>
    <ClCompile Include="CallProteinVolumeData.cpp">
      <Filter>Source Files</Filter>
    </ClCompile>
    <ClCompile Include="BindingSiteCall.cpp">
      <Filter>Source Files</Filter>
    </ClCompile>
    <ClCompile Include="CenterLineGenerator.cpp">
      <Filter>Source Files</Filter>
    </ClCompile>
    <ClCompile Include="ResidueSelection.cpp">
      <Filter>Source Files</Filter>
    </ClCompile>
    <ClCompile Include="ResidueSelectionCall.cpp">
      <Filter>Source Files</Filter>
    </ClCompile>
    <ClCompile Include="CallProteinVolumeData.cpp">
      <Filter>Source Files</Filter>
    </ClCompile>
    <ClCompile Include="LinkedView3D.cpp">
      <Filter>Source Files</Filter>
    </ClCompile>
    <ClCompile Include="VTIWriter.cpp">
      <Filter>Source Files</Filter>
    </ClCompile>
    <ClCompile Include="SharedCameraParameters.cpp">
      <Filter>Source Files</Filter>
    </ClCompile>
    <ClCompile Include="VBODataCall.cpp">
      <Filter>Source Files</Filter>
    </ClCompile>
    <ClCompile Include="ComparativeFieldTopologyRenderer.cpp">
      <Filter>Source Files</Filter>
    </ClCompile>
    <ClCompile Include="ComparativeSurfacePotentialRenderer.cpp">
      <Filter>Source Files</Filter>
    </ClCompile>
    <ClCompile Include="VariantMatchRenderer.cpp">
      <Filter>Source Files</Filter>
    </ClCompile>
    <ClCompile Include="StreamlineRenderer.cpp">
      <Filter>Source Files</Filter>
    </ClCompile>
    <ClCompile Include="VTILoader.cpp">
      <Filter>Source Files</Filter>
    </ClCompile>
    <ClCompile Include="VariantMatchDataCall.cpp">
      <Filter>Source Files</Filter>
    </ClCompile>
    <ClCompile Include="CallCamParams.cpp">
      <Filter>Source Files</Filter>
    </ClCompile>
    <ClCompile Include="SurfaceMappingTest.cpp">
      <Filter>Source Files</Filter>
    </ClCompile>
    <ClCompile Include="PotentialVolumeRaycaster.cpp">
      <Filter>Source Files</Filter>
    </ClCompile>
    <ClCompile Include="TrajectorySmoothFilter.cpp">
      <Filter>Source Files</Filter>
    </ClCompile>
    <ClCompile Include="VMDDXLoader.cpp">
      <Filter>Source Files</Filter>
    </ClCompile>
    <ClCompile Include="PDBWriter.cpp">
      <Filter>Source Files</Filter>
    </ClCompile>
    <ClCompile Include="ProteinVariantMatch.cpp">
      <Filter>Source Files</Filter>
    </ClCompile>
    <ClCompile Include="SurfacePotentialRendererSlave.cpp">
      <Filter>Source Files</Filter>
    </ClCompile>
    <ClCompile Include="Base64.cpp">
      <Filter>Source Files</Filter>
    </ClCompile>
    <ClCompile Include="VTIDataCall.cpp">
      <Filter>Source Files</Filter>
    </ClCompile>
    <ClCompile Include="VecField3f.cpp">
      <Filter>Source Files</Filter>
    </ClCompile>
    <ClCompile Include="Streamline.cpp">
      <Filter>Source Files</Filter>
    </ClCompile>
    <ClCompile Include="PotentialCalculator.cpp">
      <Filter>Source Files</Filter>
    </ClCompile>
    <ClCompile Include="BindingSiteDataSource.cpp">
      <Filter>Source Files</Filter>
    </ClCompile>
    <ClCompile Include="UnstructuredGridRenderer.cpp">
      <Filter>Source Files</Filter>
    </ClCompile>
    <ClCompile Include="ComparativeMolSurfaceRenderer.cpp">
      <Filter>Source Files</Filter>
    </ClCompile>
    <ClCompile Include="SecPlaneRenderer.cpp">
      <Filter>Source Files</Filter>
    </ClCompile>
    <ClCompile Include="VTKLegacyDataCallUnstructuredGrid.cpp">
      <Filter>Source Files</Filter>
    </ClCompile>
    <ClCompile Include="VTKLegacyDataLoaderUnstructuredGrid.cpp">
      <Filter>Source Files</Filter>
    </ClCompile>
    <ClCompile Include="VTKLegacyDataUnstructuredGrid.cpp">
      <Filter>Source Files</Filter>
    </ClCompile>
    <ClCompile Include="AbstractGPUSurface.cpp">
      <Filter>Source Files</Filter>
    </ClCompile>
    <ClCompile Include="AbstractVTKLegacyData.cpp">
      <Filter>Source Files</Filter>
    </ClCompile>
    <ClCompile Include="MolecularBezierData.cpp">
      <Filter>Source Files</Filter>
    </ClCompile>
    <ClCompile Include="MultiParticleDataFilter.cpp">
      <Filter>Source Files</Filter>
    </ClCompile>
  </ItemGroup>
  <ItemGroup>
    <ClInclude Include="BSpline.h">
      <Filter>Header Files</Filter>
    </ClInclude>
    <ClInclude Include="CCP4VolumeData.h">
      <Filter>Header Files</Filter>
    </ClInclude>
    <ClInclude Include="CoarseGrainDataLoader.h">
      <Filter>Header Files</Filter>
    </ClInclude>
    <ClInclude Include="Color.h">
      <Filter>Header Files</Filter>
    </ClInclude>
    <ClInclude Include="Diagram2DCall.h">
      <Filter>Header Files</Filter>
    </ClInclude>
    <ClInclude Include="Diagram2DRenderer.h">
      <Filter>Header Files</Filter>
    </ClInclude>
    <ClInclude Include="ElectrostaticsRenderer.h">
      <Filter>Header Files</Filter>
    </ClInclude>
    <ClInclude Include="Filter.h">
      <Filter>Header Files</Filter>
    </ClInclude>
    <ClInclude Include="FrodockLoader.h">
      <Filter>Header Files</Filter>
    </ClInclude>
    <ClInclude Include="GlButton.h">
      <Filter>Header Files</Filter>
    </ClInclude>
    <ClInclude Include="GlWidget.h">
      <Filter>Header Files</Filter>
    </ClInclude>
    <ClInclude Include="GlWidgetLibrary.h">
      <Filter>Header Files</Filter>
    </ClInclude>
    <ClInclude Include="gmx_system_xdr.h">
      <Filter>Header Files</Filter>
    </ClInclude>
    <ClInclude Include="GridNeighbourFinder.h">
      <Filter>Header Files</Filter>
    </ClInclude>
    <ClInclude Include="MolecularDataCall.h">
      <Filter>Header Files</Filter>
    </ClInclude>
    <ClInclude Include="MoleculeCartoonRenderer.h">
      <Filter>Header Files</Filter>
    </ClInclude>
    <ClInclude Include="MoleculeCBCudaRenderer.h">
      <Filter>Header Files</Filter>
    </ClInclude>
    <ClInclude Include="MoleculeCudaSESRenderer.h">
      <Filter>Header Files</Filter>
    </ClInclude>
    <ClInclude Include="MoleculeSequenceRenderer.h">
      <Filter>Header Files</Filter>
    </ClInclude>
    <ClInclude Include="MoleculeSESRenderer.h">
      <Filter>Header Files</Filter>
    </ClInclude>
    <ClInclude Include="ParticleDataCall.h">
      <Filter>Header Files</Filter>
    </ClInclude>
    <ClInclude Include="PDBLoader.h">
      <Filter>Header Files</Filter>
    </ClInclude>
    <ClInclude Include="Protein.h">
      <Filter>Header Files</Filter>
    </ClInclude>
    <ClInclude Include="ProteinVolumeRenderer.h">
      <Filter>Header Files</Filter>
    </ClInclude>
    <ClInclude Include="ReducedSurface.h">
      <Filter>Header Files</Filter>
    </ClInclude>
    <ClInclude Include="ReducedSurfaceSimplified.h">
      <Filter>Header Files</Filter>
    </ClInclude>
    <ClInclude Include="RMS.h">
      <Filter>Header Files</Filter>
    </ClInclude>
    <ClInclude Include="simple.h">
      <Filter>Header Files</Filter>
    </ClInclude>
    <ClInclude Include="SimpleMoleculeRenderer.h">
      <Filter>Header Files</Filter>
    </ClInclude>
    <ClInclude Include="slicing.h">
      <Filter>Header Files</Filter>
    </ClInclude>
    <ClInclude Include="SolPathDataCall.h">
      <Filter>Header Files</Filter>
    </ClInclude>
    <ClInclude Include="SolPathDataSource.h">
      <Filter>Header Files</Filter>
    </ClInclude>
    <ClInclude Include="SolPathRenderer.h">
      <Filter>Header Files</Filter>
    </ClInclude>
    <ClInclude Include="SolventDataGenerator.h">
      <Filter>Header Files</Filter>
    </ClInclude>
    <ClInclude Include="SolventVolumeRenderer.h">
      <Filter>Header Files</Filter>
    </ClInclude>
    <ClInclude Include="SphereDataCall.h">
      <Filter>Header Files</Filter>
    </ClInclude>
    <ClInclude Include="SphereRenderer.h">
      <Filter>Header Files</Filter>
    </ClInclude>
    <ClInclude Include="state.h">
      <Filter>Header Files</Filter>
    </ClInclude>
    <ClInclude Include="stdafx.h">
      <Filter>Header Files</Filter>
    </ClInclude>
    <ClInclude Include="Stride.h">
      <Filter>Header Files</Filter>
    </ClInclude>
    <ClInclude Include="targetver.h">
      <Filter>Header Files</Filter>
    </ClInclude>
    <ClInclude Include="VolumeSliceCall.h">
      <Filter>Header Files</Filter>
    </ClInclude>
    <ClInclude Include="VolumeSliceRenderer.h">
      <Filter>Header Files</Filter>
    </ClInclude>
    <ClInclude Include="XYZLoader.h">
      <Filter>Header Files</Filter>
    </ClInclude>
    <ClInclude Include="MDDriverConnector.h">
      <Filter>Header Files</Filter>
    </ClInclude>
    <ClInclude Include="Raw3DRelativeMouseInput.h">
      <Filter>Header Files</Filter>
    </ClInclude>
    <ClInclude Include="View3DSpaceMouse.h">
      <Filter>Header Files</Filter>
    </ClInclude>
    <ClInclude Include="HapticsMoleculeRenderer.h">
      <Filter>Header Files</Filter>
    </ClInclude>
    <ClInclude Include="PhantomDeviceWrapper.h">
      <Filter>Header Files</Filter>
    </ClInclude>
    <ClInclude Include="ForceDataCall.h">
      <Filter>Header Files</Filter>
    </ClInclude>
    <ClInclude Include="GROLoader.h">
      <Filter>Header Files</Filter>
    </ClInclude>
    <ClInclude Include="SSAORendererDeferred.h">
      <Filter>Header Files</Filter>
    </ClInclude>
    <ClInclude Include="ToonRendererDeferred.h">
      <Filter>Header Files</Filter>
    </ClInclude>
    <ClInclude Include="CrystalStructureDataCall.h">
      <Filter>Header Files</Filter>
    </ClInclude>
    <ClInclude Include="DataWriter.h">
      <Filter>Header Files</Filter>
    </ClInclude>
    <ClInclude Include="WKFThreads.h">
      <Filter>Header Files</Filter>
    </ClInclude>
    <ClInclude Include="CrystalStructureVolumeRenderer.h">
      <Filter>Header Files</Filter>
    </ClInclude>
    <ClInclude Include="tables.h">
      <Filter>Header Files</Filter>
    </ClInclude>
    <ClInclude Include="DofRendererDeferred.h">
      <Filter>Header Files</Filter>
    </ClInclude>
    <ClInclude Include="View3DMouse.h">
      <Filter>Header Files</Filter>
    </ClInclude>
    <ClInclude Include="Renderer3DModuleMouse.h">
      <Filter>Header Files</Filter>
    </ClInclude>
    <ClInclude Include="SphereRendererMouse.h">
      <Filter>Header Files</Filter>
    </ClInclude>
    <ClInclude Include="CallMouseInput.h">
      <Filter>Header Files</Filter>
    </ClInclude>
    <ClInclude Include="MoleculeBallifier.h">
      <Filter>Header Files</Filter>
    </ClInclude>
    <ClInclude Include="WKFUtils.h">
      <Filter>Header Files</Filter>
    </ClInclude>
    <ClInclude Include="CUDAKernels.h">
      <Filter>Header Files</Filter>
    </ClInclude>
    <ClInclude Include="CUDAMarchingCubes.h">
      <Filter>Header Files</Filter>
    </ClInclude>
    <ClInclude Include="CUDAQuickSurf.h">
      <Filter>Header Files</Filter>
    </ClInclude>
    <ClInclude Include="QuickSurfRenderer.h">
      <Filter>Header Files</Filter>
    </ClInclude>
    <ClInclude Include="MoleculeVolumeCudaRenderer.h">
      <Filter>Header Files</Filter>
    </ClInclude>
    <ClInclude Include="GLSLVolumeRenderer.h">
      <Filter>Header Files</Filter>
    </ClInclude>
    <ClInclude Include="QuickSurfRenderer2.h">
      <Filter>Header Files</Filter>
    </ClInclude>
    <ClInclude Include="QuickSurfMTRenderer.h">
      <Filter>Header Files</Filter>
    </ClInclude>
    <ClInclude Include="VolumeMeshRenderer.h">
      <Filter>Header Files</Filter>
    </ClInclude>
    <ClInclude Include="MolecularAOShader.h">
      <Filter>Header Files</Filter>
    </ClInclude>
    <ClInclude Include="MappableFloatPair.h">
      <Filter>Header Files</Filter>
    </ClInclude>
    <ClInclude Include="MappableCategoryFloat.h">
      <Filter>Header Files</Filter>
    </ClInclude>
    <ClInclude Include="DiagramRenderer.h">
      <Filter>Header Files</Filter>
    </ClInclude>
    <ClInclude Include="DiagramCall.h">
      <Filter>Header Files</Filter>
    </ClInclude>
    <ClInclude Include="MolecularSurfaceFeature.h">
      <Filter>Header Files</Filter>
    </ClInclude>
    <ClInclude Include="SplitMergeRenderer.h">
      <Filter>Header Files</Filter>
    </ClInclude>
    <ClInclude Include="SplitMergeCall.h">
      <Filter>Header Files</Filter>
    </ClInclude>
    <ClInclude Include="SplitMergeFeature.h">
      <Filter>Header Files</Filter>
    </ClInclude>
    <ClInclude Include="IntSelection.h">
      <Filter>Header Files</Filter>
    </ClInclude>
    <ClInclude Include="IntSelectionCall.h">
      <Filter>Header Files</Filter>
    </ClInclude>
    <ClInclude Include="CritPoints.h">
      <Filter>Header Files</Filter>
    </ClInclude>
    <ClInclude Include="LIC.h">
      <Filter>Header Files</Filter>
    </ClInclude>
    <ClInclude Include="UniGrid3D.h">
      <Filter>Header Files</Filter>
    </ClInclude>
    <ClInclude Include="GridDataStructure.h">
      <Filter>Header Files</Filter>
    </ClInclude>
    <ClInclude Include="CrystalStructureDataSource.h">
      <Filter>Header Files</Filter>
    </ClInclude>
    <ClInclude Include="AggregatedDensity.h">
      <Filter>Header Files</Filter>
    </ClInclude>
    <ClInclude Include="CallProteinVolumeData.h">
      <Filter>Header Files</Filter>
    </ClInclude>
    <ClInclude Include="BindingSiteDataSource.h">
      <Filter>Header Files</Filter>
    </ClInclude>
    <ClInclude Include="BindingSiteCall.h">
      <Filter>Header Files</Filter>
    </ClInclude>
    <ClInclude Include="CenterLineGenerator.h">
      <Filter>Header Files</Filter>
    </ClInclude>
    <ClInclude Include="ResidueSelection.h">
      <Filter>Header Files</Filter>
    </ClInclude>
    <ClInclude Include="ResidueSelectionCall.h">
      <Filter>Header Files</Filter>
    </ClInclude>
    <ClInclude Include="LinkedView3D.h">
      <Filter>Header Files</Filter>
    </ClInclude>
    <ClInclude Include="VTIWriter.h">
      <Filter>Header Files</Filter>
    </ClInclude>
    <ClInclude Include="SharedCameraParameters.h">
      <Filter>Header Files</Filter>
    </ClInclude>
    <ClInclude Include="VBODataCall.h">
      <Filter>Header Files</Filter>
    </ClInclude>
    <ClInclude Include="ComparativeFieldTopologyRenderer.h">
      <Filter>Header Files</Filter>
    </ClInclude>
    <ClInclude Include="ComparativeSurfacePotentialRenderer.h">
      <Filter>Header Files</Filter>
    </ClInclude>
    <ClInclude Include="VariantMatchRenderer.h">
      <Filter>Header Files</Filter>
    </ClInclude>
    <ClInclude Include="StreamlineRenderer.h">
      <Filter>Header Files</Filter>
    </ClInclude>
    <ClInclude Include="VTILoader.h">
      <Filter>Header Files</Filter>
    </ClInclude>
    <ClInclude Include="VariantMatchDataCall.h">
      <Filter>Header Files</Filter>
    </ClInclude>
    <ClInclude Include="CallCamParams.h">
      <Filter>Header Files</Filter>
    </ClInclude>
    <ClInclude Include="SurfaceMappingTest.h">
      <Filter>Header Files</Filter>
    </ClInclude>
    <ClInclude Include="PotentialVolumeRaycaster.h">
      <Filter>Header Files</Filter>
    </ClInclude>
    <ClInclude Include="TrajectorySmoothFilter.h">
      <Filter>Header Files</Filter>
    </ClInclude>
    <ClInclude Include="VMDDXLoader.h">
      <Filter>Header Files</Filter>
    </ClInclude>
    <ClInclude Include="PDBWriter.h">
      <Filter>Header Files</Filter>
    </ClInclude>
    <ClInclude Include="ProteinVariantMatch.h">
      <Filter>Header Files</Filter>
    </ClInclude>
    <ClInclude Include="SurfacePotentialRendererSlave.h">
      <Filter>Header Files</Filter>
    </ClInclude>
    <ClInclude Include="Base64.h">
      <Filter>Header Files</Filter>
    </ClInclude>
    <ClInclude Include="VTIDataCall.h">
      <Filter>Header Files</Filter>
    </ClInclude>
    <ClInclude Include="VecField3f.h">
      <Filter>Header Files</Filter>
    </ClInclude>
    <ClInclude Include="Streamline.h">
      <Filter>Header Files</Filter>
    </ClInclude>
    <ClInclude Include="PotentialCalculator.h">
      <Filter>Header Files</Filter>
    </ClInclude>
    <ClInclude Include="vislib_vector_typedefs.h">
      <Filter>Header Files</Filter>
    </ClInclude>
    <ClInclude Include="SequenceRenderer.h">
      <Filter>Header Files</Filter>
    </ClInclude>
    <ClInclude Include="cuda_helper.h">
      <Filter>CUDA Files</Filter>
    </ClInclude>
    <ClInclude Include="UnstructuredGridRenderer.h">
      <Filter>Header Files</Filter>
    </ClInclude>
    <ClInclude Include="ComparativeMolSurfaceRenderer.h">
      <Filter>Header Files</Filter>
    </ClInclude>
    <ClInclude Include="SecPlaneRenderer.h">
      <Filter>Header Files</Filter>
    </ClInclude>
    <ClInclude Include="VTKLegacyDataUnstructuredGrid.h">
      <Filter>Header Files</Filter>
    </ClInclude>
    <ClInclude Include="VTKLegacyDataCallUnstructuredGrid.h">
      <Filter>Header Files</Filter>
    </ClInclude>
    <ClInclude Include="VTKLegacyDataLoaderUnstructuredGrid.h">
      <Filter>Header Files</Filter>
    </ClInclude>
    <ClInclude Include="AbstractGPUSurface.h">
      <Filter>Header Files</Filter>
    </ClInclude>
    <ClInclude Include="AbstractVTKLegacyData.h">
      <Filter>Header Files</Filter>
    </ClInclude>
    <ClInclude Include="DeformableGPUSurfaceMT.h">
      <Filter>Header Files</Filter>
    </ClInclude>
    <ClInclude Include="DiffusionSolver.h">
      <Filter>Header Files</Filter>
    </ClInclude>
    <ClInclude Include="GPUSurfaceMT.h">
      <Filter>Header Files</Filter>
    </ClInclude>
    <ClInclude Include="MolecularBezierData.h">
      <Filter>Header Files</Filter>
    </ClInclude>
    <ClInclude Include="MultiParticleDataFilter.h">
      <Filter>Header Files</Filter>
    </ClInclude>
  </ItemGroup>
  <ItemGroup>
    <None Include="common.mk">
      <Filter>Config and Make Files</Filter>
    </None>
    <None Include="config.bat">
      <Filter>Config and Make Files</Filter>
    </None>
    <None Include="config.sh">
      <Filter>Config and Make Files</Filter>
    </None>
    <None Include="configure.lin.pl">
      <Filter>Config and Make Files</Filter>
    </None>
    <None Include="configure.win.pl">
      <Filter>Config and Make Files</Filter>
    </None>
    <None Include="ExtLibs.mk.input">
      <Filter>Config and Make Files</Filter>
    </None>
    <None Include="Makefile">
      <Filter>Config and Make Files</Filter>
    </None>
    <None Include="ExtLibs.props.input">
      <Filter>Config and Make Files</Filter>
    </None>
    <None Include="particles_kernel.cuh">
      <Filter>CUDA Files</Filter>
    </None>
    <None Include="particleSystem.cuh">
      <Filter>CUDA Files</Filter>
    </None>
    <None Include="filter_cuda.cuh">
      <Filter>CUDA Files</Filter>
    </None>
    <None Include="particles_kernel.cu">
      <Filter>CUDA Files</Filter>
    </None>
    <None Include="Shaders\proteinDeferred.btf">
      <Filter>Shader Files</Filter>
    </None>
    <None Include="CUDACurl.cuh">
      <Filter>Header Files</Filter>
    </None>
    <None Include="Shaders\SSAOdeferred.btf">
      <Filter>Shader Files</Filter>
    </None>
    <None Include="Shaders\puxels.btf">
      <Filter>Shader Files</Filter>
    </None>
    <None Include="VolumeMeshRenderer.cuh">
      <Filter>CUDA Files</Filter>
    </None>
    <None Include="interpol.cuh">
      <Filter>Header Files</Filter>
    </None>
    <None Include="ComparativeSurfacePotentialRenderer.cuh">
      <Filter>Header Files</Filter>
    </None>
    <None Include="ComparativeSurfacePotentialRenderer_inline_device_functions.cuh">
      <Filter>Header Files</Filter>
    </None>
    <None Include="CUDAFieldTopology.cuh">
      <Filter>Header Files</Filter>
    </None>
    <None Include="PotentialCalculator.cuh">
      <Filter>Header Files</Filter>
    </None>
    <None Include="sort_triangles.cuh">
      <Filter>Header Files</Filter>
    </None>
  </ItemGroup>
  <ItemGroup>
    <CustomBuildStep Include="Shaders\protein.btf">
      <Filter>Shader Files</Filter>
    </CustomBuildStep>
    <CustomBuildStep Include="Shaders\reducedsurface.btf">
      <Filter>Shader Files</Filter>
    </CustomBuildStep>
    <CustomBuildStep Include="Shaders\solpath.btf">
      <Filter>Shader Files</Filter>
    </CustomBuildStep>
    <CustomBuildStep Include="Shaders\volume.btf">
      <Filter>Shader Files</Filter>
    </CustomBuildStep>
  </ItemGroup>
  <ItemGroup>
    <CudaCompile Include="filter_cuda.cu">
      <Filter>CUDA Files</Filter>
    </CudaCompile>
    <CudaCompile Include="particleSystem.cu">
      <Filter>CUDA Files</Filter>
    </CudaCompile>
    <CudaCompile Include="CUDAMarchingCubes.cu">
      <Filter>CUDA Files</Filter>
    </CudaCompile>
    <CudaCompile Include="CUDAQuickSurf.cu">
      <Filter>CUDA Files</Filter>
    </CudaCompile>
    <CudaCompile Include="CUDACurl.cu">
      <Filter>CUDA Files</Filter>
    </CudaCompile>
    <CudaCompile Include="VolumeMeshRenderer-sort.cu">
      <Filter>CUDA Files</Filter>
    </CudaCompile>
    <CudaCompile Include="VolumeMeshRenderer.cu">
      <Filter>CUDA Files</Filter>
    </CudaCompile>
    <CudaCompile Include="ComparativeSurfacePotentialRenderer.cu">
      <Filter>CUDA Files</Filter>
    </CudaCompile>
    <CudaCompile Include="ComparativeSurfacePotentialRenderer_metric.cu">
      <Filter>CUDA Files</Filter>
    </CudaCompile>
    <CudaCompile Include="ComparativeSurfacePotentialRenderer_surface_generation.cu">
      <Filter>CUDA Files</Filter>
    </CudaCompile>
    <CudaCompile Include="ComparativeSurfacePotentialRenderer_surface_mapping.cu">
      <Filter>CUDA Files</Filter>
    </CudaCompile>
    <CudaCompile Include="ComparativeSurfacePotentialRenderer_thrust_stuff.cu">
      <Filter>CUDA Files</Filter>
    </CudaCompile>
    <CudaCompile Include="CUDAFieldTopology.cu">
      <Filter>CUDA Files</Filter>
    </CudaCompile>
    <CudaCompile Include="PotentialCalculator.cu">
      <Filter>CUDA Files</Filter>
    </CudaCompile>
    <CudaCompile Include="sort_triangles.cu">
      <Filter>CUDA Files</Filter>
    </CudaCompile>
    <CudaCompile Include="DiffusionSolver.cu">
      <Filter>CUDA Files</Filter>
    </CudaCompile>
    <CudaCompile Include="GPUSurfaceMT.cu">
      <Filter>CUDA Files</Filter>
    </CudaCompile>
    <CudaCompile Include="DeformableGPUSurfaceMT.cu">
      <Filter>CUDA Files</Filter>
    </CudaCompile>
  </ItemGroup>
</Project>