<?xml version="1.0" encoding="utf-8"?>
<Project ToolsVersion="4.0" xmlns="http://schemas.microsoft.com/developer/msbuild/2003">
  <ItemGroup>
    <Filter Include="Source Files">
      <UniqueIdentifier>{4FC737F1-C7A5-4376-A066-2A32D752A2FF}</UniqueIdentifier>
      <Extensions>cpp;c;cc;cxx;def;odl;idl;hpj;bat;asm;asmx</Extensions>
    </Filter>
    <Filter Include="Header Files">
      <UniqueIdentifier>{93995380-89BD-4b04-88EB-625FBE52EBFB}</UniqueIdentifier>
      <Extensions>h;hpp;hxx;hm;inl;inc;xsd</Extensions>
    </Filter>
    <Filter Include="Resource Files">
      <UniqueIdentifier>{67DA6AB6-F800-4c08-8B7A-83BB121AAD01}</UniqueIdentifier>
      <Extensions>rc;ico;cur;bmp;dlg;rc2;rct;bin;rgs;gif;jpg;jpeg;jpe;resx;tiff;tif;png;wav</Extensions>
    </Filter>
    <Filter Include="Shader Files">
      <UniqueIdentifier>{ba40defb-3086-4702-b6f2-3c9ab2b344df}</UniqueIdentifier>
      <Extensions>btf</Extensions>
    </Filter>
    <Filter Include="Config and Make Files">
      <UniqueIdentifier>{5362f4ef-8251-4de5-874a-3480840b30c2}</UniqueIdentifier>
    </Filter>
    <Filter Include="Public Header Files">
      <UniqueIdentifier>{7e43d7d1-1177-482d-9f75-210e465c8433}</UniqueIdentifier>
    </Filter>
    <Filter Include="Config and Make Files\cmake">
      <UniqueIdentifier>{95dd01f6-3da2-411e-bccd-28833d2ab805}</UniqueIdentifier>
    </Filter>
    <Filter Include="volumetrics">
      <UniqueIdentifier>{f678aa94-fa8c-4262-8070-a7cc9168c6e5}</UniqueIdentifier>
    </Filter>
    <Filter Include="volumetrics\Header Files">
      <UniqueIdentifier>{1831c261-4e74-40f0-9c75-eb363ac8f9c4}</UniqueIdentifier>
    </Filter>
    <Filter Include="volumetrics\Source Files">
      <UniqueIdentifier>{2aa7d6b1-b23a-40fe-94ef-7db94e0951d7}</UniqueIdentifier>
    </Filter>
  </ItemGroup>
  <ItemGroup>
    <None Include="config.bat">
      <Filter>Config and Make Files</Filter>
    </None>
    <None Include="configure.win.pl">
      <Filter>Config and Make Files</Filter>
    </None>
    <None Include="ExtLibs.props.input">
      <Filter>Config and Make Files</Filter>
    </None>
    <None Include="cmake_build.sh">
      <Filter>Config and Make Files</Filter>
    </None>
    <None Include="cmake\ConfigVersion.cmake.in">
      <Filter>Config and Make Files\cmake</Filter>
    </None>
    <None Include="cmake\ConfigInstall.cmake.in">
      <Filter>Config and Make Files\cmake</Filter>
    </None>
    <None Include="cmake\ConfigLocal.cmake.in">
      <Filter>Config and Make Files\cmake</Filter>
    </None>
    <None Include="Shaders\ScreenSpaceEdge.btf">
      <Filter>Shader Files</Filter>
    </None>
  </ItemGroup>
  <ItemGroup>
    <ClInclude Include="include\TriSoup\TriSoup.h">
      <Filter>Public Header Files</Filter>
    </ClInclude>
    <ClInclude Include="src\stdafx.h">
      <Filter>Header Files</Filter>
    </ClInclude>
    <ClInclude Include="src\targetver.h">
      <Filter>Header Files</Filter>
    </ClInclude>
    <ClInclude Include="src\CallBinaryVolumeData.h">
      <Filter>Header Files</Filter>
    </ClInclude>
    <ClInclude Include="src\CallVolumetricData.h">
      <Filter>Header Files</Filter>
    </ClInclude>
    <ClInclude Include="src\CoordSysMarker.h">
      <Filter>Header Files</Filter>
    </ClInclude>
    <ClInclude Include="src\OSCBFix.h">
      <Filter>Header Files</Filter>
    </ClInclude>
    <ClInclude Include="src\TrackerRendererTransform.h">
      <Filter>Header Files</Filter>
    </ClInclude>
    <ClInclude Include="src\TriSoupDataSource.h">
      <Filter>Header Files</Filter>
    </ClInclude>
    <ClInclude Include="src\TriSoupRenderer.h">
      <Filter>Header Files</Filter>
    </ClInclude>
    <ClInclude Include="src\WavefrontObjDataSource.h">
      <Filter>Header Files</Filter>
    </ClInclude>
    <ClInclude Include="src\AbstractTriMeshDataSource.h">
      <Filter>Header Files</Filter>
    </ClInclude>
    <ClInclude Include="src\AbstractTriMeshLoader.h">
      <Filter>Header Files</Filter>
    </ClInclude>
    <ClInclude Include="src\BlockVolumeMesh.h">
      <Filter>Header Files</Filter>
    </ClInclude>
    <ClInclude Include="src\volumetrics\TagVolume.h">
      <Filter>volumetrics\Header Files</Filter>
    </ClInclude>
    <ClInclude Include="src\volumetrics\TetraVoxelizer.h">
      <Filter>volumetrics\Header Files</Filter>
    </ClInclude>
    <ClInclude Include="src\volumetrics\VoluMetricJob.h">
      <Filter>volumetrics\Header Files</Filter>
    </ClInclude>
    <ClInclude Include="src\volumetrics\IsoSurface.h">
      <Filter>volumetrics\Header Files</Filter>
    </ClInclude>
    <ClInclude Include="src\volumetrics\JobStructures.h">
      <Filter>volumetrics\Header Files</Filter>
    </ClInclude>
    <ClInclude Include="src\volumetrics\MarchingCubeTables.h">
      <Filter>volumetrics\Header Files</Filter>
    </ClInclude>
    <ClInclude Include="src\volumetrics\MarchingSquareTables.h">
      <Filter>volumetrics\Header Files</Filter>
    </ClInclude>
    <ClInclude Include="src\ScreenSpaceEdgeRenderer.h">
      <Filter>Header Files</Filter>
    </ClInclude>
    <ClInclude Include="include\TriSoup\CallTriMeshData.h">
      <Filter>Public Header Files</Filter>
    </ClInclude>
    <ClInclude Include="include\TriSoup\LinesDataCall.h">
      <Filter>Public Header Files</Filter>
    </ClInclude>
    <ClInclude Include="src\LinesRenderer.h">
      <Filter>Header Files</Filter>
    </ClInclude>
    <ClInclude Include="src\WavefrontObjWriter.h">
      <Filter>Header Files</Filter>
    </ClInclude>
  </ItemGroup>
  <ItemGroup>
    <ClCompile Include="src\TriSoup.cpp">
      <Filter>Source Files</Filter>
    </ClCompile>
    <ClCompile Include="src\stdafx.cpp">
      <Filter>Source Files</Filter>
    </ClCompile>
    <ClCompile Include="src\dllmain.cpp">
      <Filter>Source Files</Filter>
    </ClCompile>
    <ClCompile Include="src\TriSoupRenderer.cpp">
      <Filter>Source Files</Filter>
    </ClCompile>
    <ClCompile Include="src\WavefrontObjDataSource.cpp">
      <Filter>Source Files</Filter>
    </ClCompile>
    <ClCompile Include="src\AbstractTriMeshDataSource.cpp">
      <Filter>Source Files</Filter>
    </ClCompile>
    <ClCompile Include="src\AbstractTriMeshLoader.cpp">
      <Filter>Source Files</Filter>
    </ClCompile>
    <ClCompile Include="src\BlockVolumeMesh.cpp">
      <Filter>Source Files</Filter>
    </ClCompile>
    <ClCompile Include="src\CallBinaryVolumeData.cpp">
      <Filter>Source Files</Filter>
    </ClCompile>
    <ClCompile Include="src\CoordSysMarker.cpp">
      <Filter>Source Files</Filter>
    </ClCompile>
    <ClCompile Include="src\OSCBFix.cpp">
      <Filter>Source Files</Filter>
    </ClCompile>
    <ClCompile Include="src\TrackerRendererTransform.cpp">
      <Filter>Source Files</Filter>
    </ClCompile>
    <ClCompile Include="src\TriSoupDataSource.cpp">
      <Filter>Source Files</Filter>
    </ClCompile>
    <ClCompile Include="src\volumetrics\TetraVoxelizer.cpp">
      <Filter>volumetrics\Source Files</Filter>
    </ClCompile>
    <ClCompile Include="src\volumetrics\VoluMetricJob.cpp">
      <Filter>volumetrics\Source Files</Filter>
    </ClCompile>
    <ClCompile Include="src\volumetrics\IsoSurface.cpp">
      <Filter>volumetrics\Source Files</Filter>
    </ClCompile>
    <ClCompile Include="src\volumetrics\MarchingCubeTables.cpp">
      <Filter>volumetrics\Source Files</Filter>
    </ClCompile>
    <ClCompile Include="src\volumetrics\MarchingSquareTables.cpp">
      <Filter>volumetrics\Source Files</Filter>
    </ClCompile>
    <ClCompile Include="src\volumetrics\TagVolume.cpp">
      <Filter>volumetrics\Source Files</Filter>
    </ClCompile>
    <ClCompile Include="src\ScreenSpaceEdgeRenderer.cpp">
      <Filter>Source Files</Filter>
    </ClCompile>
    <ClCompile Include="src\LinesDataCall.cpp">
      <Filter>Source Files</Filter>
    </ClCompile>
    <ClCompile Include="src\LinesRenderer.cpp">
      <Filter>Source Files</Filter>
    </ClCompile>
    <ClCompile Include="src\CallTriMeshData.cpp">
      <Filter>Source Files</Filter>
    </ClCompile>
    <ClCompile Include="src\WavefrontObjWriter.cpp">
      <Filter>Source Files</Filter>
    </ClCompile>
  </ItemGroup>
  <ItemGroup>
    <Text Include="CMakeLists.txt">
      <Filter>Config and Make Files</Filter>
    </Text>
  </ItemGroup>
</Project>