<?xml version="1.0" encoding="utf-8"?>
<Project ToolsVersion="4.0" xmlns="http://schemas.microsoft.com/developer/msbuild/2003">
  <ItemGroup>
    <Filter Include="Source Files">
      <UniqueIdentifier>{4FC737F1-C7A5-4376-A066-2A32D752A2FF}</UniqueIdentifier>
      <Extensions>cpp;c;cc;cxx;def;odl;idl;hpj;bat;asm;asmx</Extensions>
    </Filter>
    <Filter Include="Header Files">
      <UniqueIdentifier>{93995380-89BD-4b04-88EB-625FBE52EBFB}</UniqueIdentifier>
      <Extensions>h;hpp;hxx;hm;inl;inc;xsd</Extensions>
    </Filter>
    <Filter Include="Resource Files">
      <UniqueIdentifier>{67DA6AB6-F800-4c08-8B7A-83BB121AAD01}</UniqueIdentifier>
      <Extensions>rc;ico;cur;bmp;dlg;rc2;rct;bin;rgs;gif;jpg;jpeg;jpe;resx;tiff;tif;png;wav</Extensions>
    </Filter>
  </ItemGroup>
  <ItemGroup>
    <ClCompile Include="src\AbstractAsyncContext.cpp">
      <Filter>Source Files</Filter>
    </ClCompile>
    <ClCompile Include="src\ASCIIFileBuffer.cpp">
      <Filter>Source Files</Filter>
    </ClCompile>
    <ClCompile Include="src\AutoHandle.cpp">
      <Filter>Source Files</Filter>
    </ClCompile>
    <ClCompile Include="src\AutoLock.cpp">
      <Filter>Source Files</Filter>
    </ClCompile>
    <ClCompile Include="src\BufferedFile.cpp">
      <Filter>Source Files</Filter>
    </ClCompile>
    <ClCompile Include="src\CmdLineParser.cpp">
      <Filter>Source Files</Filter>
    </ClCompile>
    <ClCompile Include="src\CmdLineProvider.cpp">
      <Filter>Source Files</Filter>
    </ClCompile>
    <ClCompile Include="src\Console.cpp">
      <Filter>Source Files</Filter>
    </ClCompile>
    <ClCompile Include="src\ConsoleProgressBar.cpp">
      <Filter>Source Files</Filter>
    </ClCompile>
    <ClCompile Include="src\CriticalSection.cpp">
      <Filter>Source Files</Filter>
    </ClCompile>
    <ClCompile Include="src\DateTime.cpp">
      <Filter>Source Files</Filter>
    </ClCompile>
    <ClCompile Include="src\DateTimeSpan.cpp">
      <Filter>Source Files</Filter>
    </ClCompile>
    <ClCompile Include="src\DynamicFunctionPointer.cpp">
      <Filter>Source Files</Filter>
    </ClCompile>
    <ClCompile Include="src\DynamicLinkLibrary.cpp">
      <Filter>Source Files</Filter>
    </ClCompile>
    <ClCompile Include="src\Environment.cpp">
      <Filter>Source Files</Filter>
    </ClCompile>
    <ClCompile Include="src\error.cpp">
      <Filter>Source Files</Filter>
    </ClCompile>
    <ClCompile Include="src\Event.cpp">
      <Filter>Source Files</Filter>
    </ClCompile>
    <ClCompile Include="src\File.cpp">
      <Filter>Source Files</Filter>
    </ClCompile>
    <ClCompile Include="src\FileNameSequence.cpp">
      <Filter>Source Files</Filter>
    </ClCompile>
    <ClCompile Include="src\ImpersonationContext.cpp">
      <Filter>Source Files</Filter>
    </ClCompile>
    <ClCompile Include="src\Interlocked.cpp">
      <Filter>Source Files</Filter>
    </ClCompile>
    <ClCompile Include="src\IOException.cpp">
      <Filter>Source Files</Filter>
    </ClCompile>
    <ClCompile Include="src\IPCSemaphore.cpp">
      <Filter>Source Files</Filter>
    </ClCompile>
    <ClCompile Include="src\KeyCode.cpp">
      <Filter>Source Files</Filter>
    </ClCompile>
    <ClCompile Include="src\LamportClock.cpp">
      <Filter>Source Files</Filter>
    </ClCompile>
    <ClCompile Include="src\LinuxDaemon.cpp">
      <Filter>Source Files</Filter>
    </ClCompile>
    <ClCompile Include="src\Lockable.cpp">
      <Filter>Source Files</Filter>
    </ClCompile>
    <ClCompile Include="src\Log.cpp">
      <Filter>Source Files</Filter>
    </ClCompile>
    <ClCompile Include="src\MemmappedFile.cpp">
      <Filter>Source Files</Filter>
    </ClCompile>
    <ClCompile Include="src\MessageBox.cpp">
      <Filter>Source Files</Filter>
    </ClCompile>
    <ClCompile Include="src\Mutex.cpp">
      <Filter>Source Files</Filter>
    </ClCompile>
    <ClCompile Include="src\NamedPipe.cpp">
      <Filter>Source Files</Filter>
    </ClCompile>
    <ClCompile Include="src\PAMException.cpp">
      <Filter>Source Files</Filter>
    </ClCompile>
    <ClCompile Include="src\Path.cpp">
      <Filter>Source Files</Filter>
    </ClCompile>
    <ClCompile Include="src\PerformanceCounter.cpp">
      <Filter>Source Files</Filter>
    </ClCompile>
    <ClCompile Include="src\PoolAllocator.cpp">
      <Filter>Source Files</Filter>
    </ClCompile>
    <ClCompile Include="src\Process.cpp">
      <Filter>Source Files</Filter>
    </ClCompile>
    <ClCompile Include="src\RegistrySerialiser.cpp">
      <Filter>Source Files</Filter>
    </ClCompile>
    <ClCompile Include="src\Runnable.cpp">
      <Filter>Source Files</Filter>
    </ClCompile>
    <ClCompile Include="src\RunnableThread.cpp">
      <Filter>Source Files</Filter>
    </ClCompile>
    <ClCompile Include="src\Semaphore.cpp">
      <Filter>Source Files</Filter>
    </ClCompile>
    <ClCompile Include="src\SharedMemory.cpp">
      <Filter>Source Files</Filter>
    </ClCompile>
    <ClCompile Include="src\SynchronisedArray.cpp">
      <Filter>Source Files</Filter>
    </ClCompile>
    <ClCompile Include="src\SyncObject.cpp">
      <Filter>Source Files</Filter>
    </ClCompile>
    <ClCompile Include="src\sysfunctions.cpp">
      <Filter>Source Files</Filter>
    </ClCompile>
    <ClCompile Include="src\SystemException.cpp">
      <Filter>Source Files</Filter>
    </ClCompile>
    <ClCompile Include="src\SystemInformation.cpp">
      <Filter>Source Files</Filter>
    </ClCompile>
    <ClCompile Include="src\SystemMessage.cpp">
      <Filter>Source Files</Filter>
    </ClCompile>
    <ClCompile Include="src\TextFileReader.cpp">
      <Filter>Source Files</Filter>
    </ClCompile>
    <ClCompile Include="src\Thread.cpp">
      <Filter>Source Files</Filter>
    </ClCompile>
    <ClCompile Include="src\ThreadPool.cpp">
      <Filter>Source Files</Filter>
    </ClCompile>
    <ClCompile Include="src\ThreadPoolListener.cpp">
      <Filter>Source Files</Filter>
    </ClCompile>
    <ClCompile Include="src\ThreadSafeStackTrace.cpp">
      <Filter>Source Files</Filter>
    </ClCompile>
    <ClCompile Include="src\TrayIcon.cpp">
      <Filter>Source Files</Filter>
    </ClCompile>
    <ClCompile Include="src\VolatileIPCStringTable.cpp">
      <Filter>Source Files</Filter>
    </ClCompile>
    <ClCompile Include="src\WindowsService.cpp">
      <Filter>Source Files</Filter>
    </ClCompile>
    <ClCompile Include="src\RegistryKey.cpp">
      <Filter>Source Files</Filter>
    </ClCompile>
    <ClCompile Include="src\DirectoryEntry.cpp">
      <Filter>Source Files</Filter>
    </ClCompile>
    <ClCompile Include="src\DirectoryIterator.cpp">
      <Filter>Source Files</Filter>
    </ClCompile>
    <ClCompile Include="src\MemoryFile.cpp">
      <Filter>Source Files</Filter>
    </ClCompile>
    <ClCompile Include="src\SlimReaderWriterLock.cpp">
      <Filter>Source Files</Filter>
    </ClCompile>
    <ClCompile Include="src\FatReaderWriterLock.cpp">
      <Filter>Source Files</Filter>
    </ClCompile>
    <ClCompile Include="src\AbstractReaderWriterLock.cpp">
      <Filter>Source Files</Filter>
    </ClCompile>
    <ClCompile Include="src\COMException.cpp">
      <Filter>Source Files</Filter>
    </ClCompile>
    <ClCompile Include="src\ScopedLock.cpp">
      <Filter>Source Files</Filter>
    </ClCompile>
  </ItemGroup>
  <ItemGroup>
    <ClInclude Include="include\vislib\AbstractAsyncContext.h">
      <Filter>Header Files</Filter>
    </ClInclude>
    <ClInclude Include="include\vislib\ASCIIFileBuffer.h">
      <Filter>Header Files</Filter>
    </ClInclude>
    <ClInclude Include="include\vislib\AutoHandle.h">
      <Filter>Header Files</Filter>
    </ClInclude>
    <ClInclude Include="include\vislib\AutoLock.h">
      <Filter>Header Files</Filter>
    </ClInclude>
    <ClInclude Include="include\vislib\BufferedFile.h">
      <Filter>Header Files</Filter>
    </ClInclude>
    <ClInclude Include="include\vislib\CmdLineParser.h">
      <Filter>Header Files</Filter>
    </ClInclude>
    <ClInclude Include="include\vislib\CmdLineProvider.h">
      <Filter>Header Files</Filter>
    </ClInclude>
    <ClInclude Include="include\vislib\Console.h">
      <Filter>Header Files</Filter>
    </ClInclude>
    <ClInclude Include="include\vislib\ConsoleProgressBar.h">
      <Filter>Header Files</Filter>
    </ClInclude>
    <ClInclude Include="include\vislib\CriticalSection.h">
      <Filter>Header Files</Filter>
    </ClInclude>
    <ClInclude Include="include\vislib\DateTime.h">
      <Filter>Header Files</Filter>
    </ClInclude>
    <ClInclude Include="include\vislib\DateTimeSpan.h">
      <Filter>Header Files</Filter>
    </ClInclude>
    <ClInclude Include="include\vislib\DirectoryIterator.h">
      <Filter>Header Files</Filter>
    </ClInclude>
    <ClInclude Include="src\DynamicFunctionPointer.h">
      <Filter>Header Files</Filter>
    </ClInclude>
    <ClInclude Include="include\vislib\DynamicLinkLibrary.h">
      <Filter>Header Files</Filter>
    </ClInclude>
    <ClInclude Include="include\vislib\Environment.h">
      <Filter>Header Files</Filter>
    </ClInclude>
    <ClInclude Include="include\vislib\error.h">
      <Filter>Header Files</Filter>
    </ClInclude>
    <ClInclude Include="include\vislib\Event.h">
      <Filter>Header Files</Filter>
    </ClInclude>
    <ClInclude Include="include\vislib\File.h">
      <Filter>Header Files</Filter>
    </ClInclude>
    <ClInclude Include="include\vislib\FileNameSequence.h">
      <Filter>Header Files</Filter>
    </ClInclude>
    <ClInclude Include="include\vislib\ImpersonationContext.h">
      <Filter>Header Files</Filter>
    </ClInclude>
    <ClInclude Include="include\vislib\Interlocked.h">
      <Filter>Header Files</Filter>
    </ClInclude>
    <ClInclude Include="include\vislib\IOException.h">
      <Filter>Header Files</Filter>
    </ClInclude>
    <ClInclude Include="include\vislib\IPCSemaphore.h">
      <Filter>Header Files</Filter>
    </ClInclude>
    <ClInclude Include="include\vislib\KeyCode.h">
      <Filter>Header Files</Filter>
    </ClInclude>
    <ClInclude Include="include\vislib\LamportClock.h">
      <Filter>Header Files</Filter>
    </ClInclude>
    <ClInclude Include="include\vislib\LinuxDaemon.h">
      <Filter>Header Files</Filter>
    </ClInclude>
    <ClInclude Include="include\vislib\Lockable.h">
      <Filter>Header Files</Filter>
    </ClInclude>
    <ClInclude Include="include\vislib\Log.h">
      <Filter>Header Files</Filter>
    </ClInclude>
    <ClInclude Include="include\vislib\MemmappedFile.h">
      <Filter>Header Files</Filter>
    </ClInclude>
    <ClInclude Include="include\vislib\MessageBox.h">
      <Filter>Header Files</Filter>
    </ClInclude>
    <ClInclude Include="include\vislib\Mutex.h">
      <Filter>Header Files</Filter>
    </ClInclude>
    <ClInclude Include="include\vislib\NamedPipe.h">
      <Filter>Header Files</Filter>
    </ClInclude>
    <ClInclude Include="include\vislib\PAMException.h">
      <Filter>Header Files</Filter>
    </ClInclude>
    <ClInclude Include="include\vislib\Path.h">
      <Filter>Header Files</Filter>
    </ClInclude>
    <ClInclude Include="include\vislib\PerformanceCounter.h">
      <Filter>Header Files</Filter>
    </ClInclude>
    <ClInclude Include="include\vislib\PoolAllocator.h">
      <Filter>Header Files</Filter>
    </ClInclude>
    <ClInclude Include="include\vislib\Process.h">
      <Filter>Header Files</Filter>
    </ClInclude>
    <ClInclude Include="include\vislib\RegistrySerialiser.h">
      <Filter>Header Files</Filter>
    </ClInclude>
    <ClInclude Include="include\vislib\Runnable.h">
      <Filter>Header Files</Filter>
    </ClInclude>
    <ClInclude Include="include\vislib\RunnableThread.h">
      <Filter>Header Files</Filter>
    </ClInclude>
    <ClInclude Include="include\vislib\Semaphore.h">
      <Filter>Header Files</Filter>
    </ClInclude>
    <ClInclude Include="include\vislib\SharedMemory.h">
      <Filter>Header Files</Filter>
    </ClInclude>
    <ClInclude Include="include\vislib\SynchronisedArray.h">
      <Filter>Header Files</Filter>
    </ClInclude>
    <ClInclude Include="include\vislib\SyncObject.h">
      <Filter>Header Files</Filter>
    </ClInclude>
    <ClInclude Include="include\vislib\sysfunctions.h">
      <Filter>Header Files</Filter>
    </ClInclude>
    <ClInclude Include="include\vislib\SystemException.h">
      <Filter>Header Files</Filter>
    </ClInclude>
    <ClInclude Include="include\vislib\SystemInformation.h">
      <Filter>Header Files</Filter>
    </ClInclude>
    <ClInclude Include="include\vislib\SystemMessage.h">
      <Filter>Header Files</Filter>
    </ClInclude>
    <ClInclude Include="include\vislib\TextFileReader.h">
      <Filter>Header Files</Filter>
    </ClInclude>
    <ClInclude Include="include\vislib\Thread.h">
      <Filter>Header Files</Filter>
    </ClInclude>
    <ClInclude Include="include\vislib\ThreadPool.h">
      <Filter>Header Files</Filter>
    </ClInclude>
    <ClInclude Include="include\vislib\ThreadPoolListener.h">
      <Filter>Header Files</Filter>
    </ClInclude>
    <ClInclude Include="include\vislib\ThreadSafeStackTrace.h">
      <Filter>Header Files</Filter>
    </ClInclude>
    <ClInclude Include="include\vislib\TrayIcon.h">
      <Filter>Header Files</Filter>
    </ClInclude>
    <ClInclude Include="include\vislib\VolatileIPCStringTable.h">
      <Filter>Header Files</Filter>
    </ClInclude>
    <ClInclude Include="include\vislib\WindowsService.h">
      <Filter>Header Files</Filter>
    </ClInclude>
    <ClInclude Include="include\vislib\RegistryKey.h">
      <Filter>Header Files</Filter>
    </ClInclude>
    <ClInclude Include="include\vislib\DirectoryEntry.h">
      <Filter>Header Files</Filter>
    </ClInclude>
    <ClInclude Include="include\vislib\MemoryFile.h">
      <Filter>Header Files</Filter>
    </ClInclude>
    <ClInclude Include="include\vislib\SlimReaderWriterLock.h">
      <Filter>Header Files</Filter>
    </ClInclude>
    <ClInclude Include="include\vislib\FatReaderWriterLock.h">
      <Filter>Header Files</Filter>
    </ClInclude>
    <ClInclude Include="include\vislib\AbstractReaderWriterLock.h">
      <Filter>Header Files</Filter>
    </ClInclude>
    <ClInclude Include="include\vislib\COMException.h">
      <Filter>Header Files</Filter>
    </ClInclude>
    <ClInclude Include="include\vislib\ScopedLock.h">
      <Filter>Header Files</Filter>
    </ClInclude>
  </ItemGroup>
  <ItemGroup>
    <None Include="include\vislib\DirectoryIterator.inl">
      <Filter>Header Files</Filter>
    </None>
    <None Include="include\vislib\WindowsService.inl">
      <Filter>Header Files</Filter>
    </None>
  </ItemGroup>
  <ItemGroup>
    <CustomBuildStep Include="project.mk" />
  </ItemGroup>
</Project>