<?xml version="1.0" encoding="utf-8"?>
<Project ToolsVersion="4.0" xmlns="http://schemas.microsoft.com/developer/msbuild/2003">
  <ItemGroup>
    <Filter Include="Source Files">
      <UniqueIdentifier>{4FC737F1-C7A5-4376-A066-2A32D752A2FF}</UniqueIdentifier>
      <Extensions>cpp;c;cc;cxx;def;odl;idl;hpj;bat;asm;asmx</Extensions>
    </Filter>
    <Filter Include="Header Files">
      <UniqueIdentifier>{93995380-89BD-4b04-88EB-625FBE52EBFB}</UniqueIdentifier>
      <Extensions>h;hpp;hxx;hm;inl;inc;xsd</Extensions>
    </Filter>
    <Filter Include="Resource Files">
      <UniqueIdentifier>{67DA6AB6-F800-4c08-8B7A-83BB121AAD01}</UniqueIdentifier>
      <Extensions>rc;ico;cur;bmp;dlg;rc2;rct;bin;rgs;gif;jpg;jpeg;jpe;resx;tiff;tif;png;wav</Extensions>
    </Filter>
  </ItemGroup>
  <ItemGroup>
    <ClCompile Include="stdafx.cpp">
      <Filter>Source Files</Filter>
    </ClCompile>
    <ClCompile Include="test.cpp">
      <Filter>Source Files</Filter>
    </ClCompile>
    <ClCompile Include="testasyncsocket.cpp">
      <Filter>Source Files</Filter>
    </ClCompile>
    <ClCompile Include="testbezier.cpp">
      <Filter>Source Files</Filter>
    </ClCompile>
    <ClCompile Include="testcmdlineparser.cpp">
      <Filter>Source Files</Filter>
    </ClCompile>
    <ClCompile Include="testcollection.cpp">
      <Filter>Source Files</Filter>
    </ClCompile>
    <ClCompile Include="testcomm.cpp">
      <Filter>Source Files</Filter>
    </ClCompile>
    <ClCompile Include="testdate.cpp">
      <Filter>Source Files</Filter>
    </ClCompile>
    <ClCompile Include="testdimandrect.cpp">
      <Filter>Source Files</Filter>
    </ClCompile>
    <ClCompile Include="testdimred.cpp">
      <Filter>Source Files</Filter>
    </ClCompile>
    <ClCompile Include="testdirectoryiterator.cpp">
      <Filter>Source Files</Filter>
    </ClCompile>
    <ClCompile Include="testdiscovery.cpp">
      <Filter>Source Files</Filter>
    </ClCompile>
    <ClCompile Include="testenvironment.cpp">
      <Filter>Source Files</Filter>
    </ClCompile>
    <ClCompile Include="testfile.cpp">
      <Filter>Source Files</Filter>
    </ClCompile>
    <ClCompile Include="testfloat16.cpp">
      <Filter>Source Files</Filter>
    </ClCompile>
    <ClCompile Include="testfrustum.cpp">
      <Filter>Source Files</Filter>
    </ClCompile>
    <ClCompile Include="testhash.cpp">
      <Filter>Source Files</Filter>
    </ClCompile>
    <ClCompile Include="testhelper.cpp">
      <Filter>Source Files</Filter>
    </ClCompile>
    <ClCompile Include="testinterlocked.cpp">
      <Filter>Source Files</Filter>
    </ClCompile>
    <ClCompile Include="testipc.cpp">
      <Filter>Source Files</Filter>
    </ClCompile>
    <ClCompile Include="testipv6.cpp">
      <Filter>Source Files</Filter>
    </ClCompile>
    <ClCompile Include="testmatrix.cpp">
      <Filter>Source Files</Filter>
    </ClCompile>
    <ClCompile Include="testmisc.cpp">
      <Filter>Source Files</Filter>
    </ClCompile>
    <ClCompile Include="testmsgdisp.cpp">
      <Filter>Source Files</Filter>
    </ClCompile>
    <ClCompile Include="testmultisz.cpp">
      <Filter>Source Files</Filter>
    </ClCompile>
    <ClCompile Include="testnamedpipe.cpp">
      <Filter>Source Files</Filter>
    </ClCompile>
    <ClCompile Include="testnetinfo.cpp">
      <Filter>Source Files</Filter>
    </ClCompile>
    <ClCompile Include="testpoint.cpp">
      <Filter>Source Files</Filter>
    </ClCompile>
    <ClCompile Include="testpointers.cpp">
      <Filter>Source Files</Filter>
    </ClCompile>
    <ClCompile Include="testpolynom.cpp">
      <Filter>Source Files</Filter>
    </ClCompile>
    <ClCompile Include="testpoolallocator.cpp">
      <Filter>Source Files</Filter>
    </ClCompile>
    <ClCompile Include="testprocess.cpp">
      <Filter>Source Files</Filter>
    </ClCompile>
    <ClCompile Include="testquaternion.cpp">
      <Filter>Source Files</Filter>
    </ClCompile>
    <ClCompile Include="testrefcount.cpp">
      <Filter>Source Files</Filter>
    </ClCompile>
    <ClCompile Include="testserialiser.cpp">
      <Filter>Source Files</Filter>
    </ClCompile>
    <ClCompile Include="testsockets.cpp">
      <Filter>Source Files</Filter>
    </ClCompile>
    <ClCompile Include="teststacktrace.cpp">
      <Filter>Source Files</Filter>
    </ClCompile>
    <ClCompile Include="teststring.cpp">
      <Filter>Source Files</Filter>
    </ClCompile>
    <ClCompile Include="testsysinfo.cpp">
      <Filter>Source Files</Filter>
    </ClCompile>
    <ClCompile Include="testtcpserver.cpp">
      <Filter>Source Files</Filter>
    </ClCompile>
    <ClCompile Include="testthelog.cpp">
      <Filter>Source Files</Filter>
    </ClCompile>
    <ClCompile Include="testthread.cpp">
      <Filter>Source Files</Filter>
    </ClCompile>
    <ClCompile Include="testthreadpool.cpp">
      <Filter>Source Files</Filter>
    </ClCompile>
    <ClCompile Include="testtrayicon.cpp">
      <Filter>Source Files</Filter>
    </ClCompile>
    <ClCompile Include="testvector.cpp">
      <Filter>Source Files</Filter>
    </ClCompile>
    <ClCompile Include="testVIPCStrTab.cpp">
      <Filter>Source Files</Filter>
    </ClCompile>
    <ClCompile Include="testwinreg.cpp">
      <Filter>Source Files</Filter>
    </ClCompile>
    <ClCompile Include="testBitmapImage.cpp">
      <Filter>Source Files</Filter>
    </ClCompile>
    <ClCompile Include="testdelegate.cpp">
      <Filter>Source Files</Filter>
    </ClCompile>
    <ClCompile Include="testtriangle.cpp">
      <Filter>Source Files</Filter>
    </ClCompile>
    <ClCompile Include="testReaderWriterLock.cpp">
      <Filter>Source Files</Filter>
    </ClCompile>
  </ItemGroup>
  <ItemGroup>
    <ClInclude Include="resource.h">
      <Filter>Header Files</Filter>
    </ClInclude>
    <ClInclude Include="stdafx.h">
      <Filter>Header Files</Filter>
    </ClInclude>
    <ClInclude Include="testasyncsocket.h">
      <Filter>Header Files</Filter>
    </ClInclude>
    <ClInclude Include="testbezier.h">
      <Filter>Header Files</Filter>
    </ClInclude>
    <ClInclude Include="testcmdlineparser.h">
      <Filter>Header Files</Filter>
    </ClInclude>
    <ClInclude Include="testcollection.h">
      <Filter>Header Files</Filter>
    </ClInclude>
    <ClInclude Include="testcomm.h">
      <Filter>Header Files</Filter>
    </ClInclude>
    <ClInclude Include="testdate.h">
      <Filter>Header Files</Filter>
    </ClInclude>
    <ClInclude Include="testdimandrect.h">
      <Filter>Header Files</Filter>
    </ClInclude>
    <ClInclude Include="testdimred.h">
      <Filter>Header Files</Filter>
    </ClInclude>
    <ClInclude Include="testdirectoryiterator.h">
      <Filter>Header Files</Filter>
    </ClInclude>
    <ClInclude Include="testdiscovery.h">
      <Filter>Header Files</Filter>
    </ClInclude>
    <ClInclude Include="testenvironment.h">
      <Filter>Header Files</Filter>
    </ClInclude>
    <ClInclude Include="testfile.h">
      <Filter>Header Files</Filter>
    </ClInclude>
    <ClInclude Include="testfloat16.h">
      <Filter>Header Files</Filter>
    </ClInclude>
    <ClInclude Include="testfrustum.h">
      <Filter>Header Files</Filter>
    </ClInclude>
    <ClInclude Include="testhash.h">
      <Filter>Header Files</Filter>
    </ClInclude>
    <ClInclude Include="testhelper.h">
      <Filter>Header Files</Filter>
    </ClInclude>
    <ClInclude Include="testinterlocked.h">
      <Filter>Header Files</Filter>
    </ClInclude>
    <ClInclude Include="testipc.h">
      <Filter>Header Files</Filter>
    </ClInclude>
    <ClInclude Include="testipv6.h">
      <Filter>Header Files</Filter>
    </ClInclude>
    <ClInclude Include="testmatrix.h">
      <Filter>Header Files</Filter>
    </ClInclude>
    <ClInclude Include="testmisc.h">
      <Filter>Header Files</Filter>
    </ClInclude>
    <ClInclude Include="testmsgdisp.h">
      <Filter>Header Files</Filter>
    </ClInclude>
    <ClInclude Include="testmultisz.h">
      <Filter>Header Files</Filter>
    </ClInclude>
    <ClInclude Include="testnamedpipe.h">
      <Filter>Header Files</Filter>
    </ClInclude>
    <ClInclude Include="testnetinfo.h">
      <Filter>Header Files</Filter>
    </ClInclude>
    <ClInclude Include="testpoint.h">
      <Filter>Header Files</Filter>
    </ClInclude>
    <ClInclude Include="testpointers.h">
      <Filter>Header Files</Filter>
    </ClInclude>
    <ClInclude Include="testpolynom.h">
      <Filter>Header Files</Filter>
    </ClInclude>
    <ClInclude Include="testpoolallocator.h">
      <Filter>Header Files</Filter>
    </ClInclude>
    <ClInclude Include="testprocess.h">
      <Filter>Header Files</Filter>
    </ClInclude>
    <ClInclude Include="testquaternion.h">
      <Filter>Header Files</Filter>
    </ClInclude>
    <ClInclude Include="testrefcount.h">
      <Filter>Header Files</Filter>
    </ClInclude>
    <ClInclude Include="testserialiser.h">
      <Filter>Header Files</Filter>
    </ClInclude>
    <ClInclude Include="testsockets.h">
      <Filter>Header Files</Filter>
    </ClInclude>
    <ClInclude Include="teststacktrace.h">
      <Filter>Header Files</Filter>
    </ClInclude>
    <ClInclude Include="teststring.h">
      <Filter>Header Files</Filter>
    </ClInclude>
    <ClInclude Include="testsysinfo.h">
      <Filter>Header Files</Filter>
    </ClInclude>
    <ClInclude Include="testtcpserver.h">
      <Filter>Header Files</Filter>
    </ClInclude>
    <ClInclude Include="testthelog.h">
      <Filter>Header Files</Filter>
    </ClInclude>
    <ClInclude Include="testthread.h">
      <Filter>Header Files</Filter>
    </ClInclude>
    <ClInclude Include="testthreadpool.h">
      <Filter>Header Files</Filter>
    </ClInclude>
    <ClInclude Include="testtrayicon.h">
      <Filter>Header Files</Filter>
    </ClInclude>
    <ClInclude Include="testvector.h">
      <Filter>Header Files</Filter>
    </ClInclude>
    <ClInclude Include="testVIPCStrTab.h">
      <Filter>Header Files</Filter>
    </ClInclude>
    <ClInclude Include="testwinreg.h">
      <Filter>Header Files</Filter>
    </ClInclude>
    <ClInclude Include="testBitmapImage.h">
      <Filter>Header Files</Filter>
    </ClInclude>
    <ClInclude Include="testdelegate.h">
      <Filter>Header Files</Filter>
    </ClInclude>
    <ClInclude Include="testtriangle.h">
      <Filter>Header Files</Filter>
    </ClInclude>
    <ClInclude Include="testReaderWriterLock.h">
      <Filter>Header Files</Filter>
    </ClInclude>
  </ItemGroup>
  <ItemGroup>
    <ResourceCompile Include="test.rc">
      <Filter>Resource Files</Filter>
    </ResourceCompile>
  </ItemGroup>
  <ItemGroup>
    <None Include="H:\Profile\My Documents.{450D8FBA-AD25-11D0-98A8-0800361B1103}\My Pictures\vis.ico">
      <Filter>Resource Files</Filter>
    </None>
  </ItemGroup>
  <ItemGroup>
    <CustomBuildStep Include="Makefile" />
  </ItemGroup>
</Project>