<?xml version="1.0" encoding="utf-8"?>
<Project ToolsVersion="4.0" xmlns="http://schemas.microsoft.com/developer/msbuild/2003">
  <ItemGroup>
    <Filter Include="Source Files">
      <UniqueIdentifier>{4FC737F1-C7A5-4376-A066-2A32D752A2FF}</UniqueIdentifier>
      <Extensions>cpp;c;cc;cxx;def;odl;idl;hpj;bat;asm;asmx</Extensions>
    </Filter>
    <Filter Include="Header Files">
      <UniqueIdentifier>{93995380-89BD-4b04-88EB-625FBE52EBFB}</UniqueIdentifier>
      <Extensions>h;hpp;hxx;hm;inl;inc;xsd</Extensions>
    </Filter>
    <Filter Include="Resource Files">
      <UniqueIdentifier>{67DA6AB6-F800-4c08-8B7A-83BB121AAD01}</UniqueIdentifier>
      <Extensions>rc;ico;cur;bmp;dlg;rc2;rct;bin;rgs;gif;jpg;jpeg;jpe;resx;tiff;tif;png;wav</Extensions>
    </Filter>
  </ItemGroup>
  <ItemGroup>
    <ClCompile Include="src\AlreadyExistsException.cpp">
      <Filter>Source Files</Filter>
    </ClCompile>
    <ClCompile Include="src\Array.cpp">
      <Filter>Source Files</Filter>
    </ClCompile>
    <ClCompile Include="src\ArrayAllocator.cpp">
      <Filter>Source Files</Filter>
    </ClCompile>
    <ClCompile Include="src\ArrayElementDftCtor.cpp">
      <Filter>Source Files</Filter>
    </ClCompile>
    <ClCompile Include="src\ArrayElementPtrCtor.cpp">
      <Filter>Source Files</Filter>
    </ClCompile>
    <ClCompile Include="src\AssociativeCollection.cpp">
      <Filter>Source Files</Filter>
    </ClCompile>
    <ClCompile Include="src\CharTraits.cpp">
      <Filter>Source Files</Filter>
    </ClCompile>
    <ClCompile Include="src\Collection.cpp">
      <Filter>Source Files</Filter>
    </ClCompile>
    <ClCompile Include="src\ColumnFormatter.cpp">
      <Filter>Source Files</Filter>
    </ClCompile>
    <ClCompile Include="src\ConstIterator.cpp">
      <Filter>Source Files</Filter>
    </ClCompile>
    <ClCompile Include="src\Exception.cpp">
      <Filter>Source Files</Filter>
    </ClCompile>
    <ClCompile Include="src\forceinline.cpp">
      <Filter>Source Files</Filter>
    </ClCompile>
    <ClCompile Include="src\FormatException.cpp">
      <Filter>Source Files</Filter>
    </ClCompile>
    <ClCompile Include="src\functioncast.cpp">
      <Filter>Source Files</Filter>
    </ClCompile>
    <ClCompile Include="src\GUID.cpp">
      <Filter>Source Files</Filter>
    </ClCompile>
    <ClCompile Include="src\HashAlgorithm.cpp">
      <Filter>Source Files</Filter>
    </ClCompile>
    <ClCompile Include="src\Heap.cpp">
      <Filter>Source Files</Filter>
    </ClCompile>
    <ClCompile Include="src\IllegalParamException.cpp">
      <Filter>Source Files</Filter>
    </ClCompile>
    <ClCompile Include="src\IllegalStateException.cpp">
      <Filter>Source Files</Filter>
    </ClCompile>
    <ClCompile Include="src\Iterator.cpp">
      <Filter>Source Files</Filter>
    </ClCompile>
    <ClCompile Include="src\Listenable.cpp">
      <Filter>Source Files</Filter>
    </ClCompile>
    <ClCompile Include="src\Map.cpp">
      <Filter>Source Files</Filter>
    </ClCompile>
    <ClCompile Include="src\MD5HashProvider.cpp">
      <Filter>Source Files</Filter>
    </ClCompile>
    <ClCompile Include="src\MissingImplementationException.cpp">
      <Filter>Source Files</Filter>
    </ClCompile>
    <ClCompile Include="src\MultiSz.cpp">
      <Filter>Source Files</Filter>
    </ClCompile>
    <ClCompile Include="src\NoSuchElementException.cpp">
      <Filter>Source Files</Filter>
    </ClCompile>
    <ClCompile Include="src\NullAllocator.cpp">
      <Filter>Source Files</Filter>
    </ClCompile>
    <ClCompile Include="src\NullLockable.cpp">
      <Filter>Source Files</Filter>
    </ClCompile>
    <ClCompile Include="src\OrderedCollection.cpp">
      <Filter>Source Files</Filter>
    </ClCompile>
    <ClCompile Include="src\OutOfRangeException.cpp">
      <Filter>Source Files</Filter>
    </ClCompile>
    <ClCompile Include="src\Pair.cpp">
      <Filter>Source Files</Filter>
    </ClCompile>
    <ClCompile Include="src\PtrArray.cpp">
      <Filter>Source Files</Filter>
    </ClCompile>
    <ClCompile Include="src\RawStorage.cpp">
      <Filter>Source Files</Filter>
    </ClCompile>
    <ClCompile Include="src\RawStoragePool.cpp">
      <Filter>Source Files</Filter>
    </ClCompile>
    <ClCompile Include="src\RawStorageSerialiser.cpp">
      <Filter>Source Files</Filter>
    </ClCompile>
    <ClCompile Include="src\RawStorageWriter.cpp">
      <Filter>Source Files</Filter>
    </ClCompile>
    <ClCompile Include="src\ReferenceCounted.cpp">
      <Filter>Source Files</Filter>
    </ClCompile>
    <ClCompile Include="src\Serialisable.cpp">
      <Filter>Source Files</Filter>
    </ClCompile>
    <ClCompile Include="src\Serialiser.cpp">
      <Filter>Source Files</Filter>
    </ClCompile>
    <ClCompile Include="src\SHA1HashProvider.cpp">
      <Filter>Source Files</Filter>
    </ClCompile>
    <ClCompile Include="src\SingleAllocator.cpp">
      <Filter>Source Files</Filter>
    </ClCompile>
    <ClCompile Include="src\SingleLinkedList.cpp">
      <Filter>Source Files</Filter>
    </ClCompile>
    <ClCompile Include="src\SmartPtr.cpp">
      <Filter>Source Files</Filter>
    </ClCompile>
    <ClCompile Include="src\SmartRef.cpp">
      <Filter>Source Files</Filter>
    </ClCompile>
    <ClCompile Include="src\Stack.cpp">
      <Filter>Source Files</Filter>
    </ClCompile>
    <ClCompile Include="src\StackTrace.cpp">
      <Filter>Source Files</Filter>
    </ClCompile>
    <ClCompile Include="src\String.cpp">
      <Filter>Source Files</Filter>
    </ClCompile>
    <ClCompile Include="src\StringConverter.cpp">
      <Filter>Source Files</Filter>
    </ClCompile>
    <ClCompile Include="src\StringSerialiser.cpp">
      <Filter>Source Files</Filter>
    </ClCompile>
    <ClCompile Include="src\StringTokeniser.cpp">
      <Filter>Source Files</Filter>
    </ClCompile>
    <ClCompile Include="src\Trace.cpp">
      <Filter>Source Files</Filter>
    </ClCompile>
    <ClCompile Include="src\UnsupportedOperationException.cpp">
      <Filter>Source Files</Filter>
    </ClCompile>
    <ClCompile Include="src\UTF8Encoder.cpp">
      <Filter>Source Files</Filter>
    </ClCompile>
    <ClCompile Include="src\utils.cpp">
      <Filter>Source Files</Filter>
    </ClCompile>
    <ClCompile Include="src\VersionNumber.cpp">
      <Filter>Source Files</Filter>
    </ClCompile>
    <ClCompile Include="src\xmlUtils.cpp">
      <Filter>Source Files</Filter>
    </ClCompile>
    <ClCompile Include="src\Delegate.cpp">
      <Filter>Source Files</Filter>
    </ClCompile>
  </ItemGroup>
  <ItemGroup>
    <ClInclude Include="include\vislib\AlreadyExistsException.h">
      <Filter>Header Files</Filter>
    </ClInclude>
    <ClInclude Include="include\vislib\Array.h">
      <Filter>Header Files</Filter>
    </ClInclude>
    <ClInclude Include="include\vislib\ArrayAllocator.h">
      <Filter>Header Files</Filter>
    </ClInclude>
    <ClInclude Include="include\vislib\ArrayElementDftCtor.h">
      <Filter>Header Files</Filter>
    </ClInclude>
    <ClInclude Include="include\vislib\ArrayElementPtrCtor.h">
      <Filter>Header Files</Filter>
    </ClInclude>
    <ClInclude Include="include\vislib\assert.h">
      <Filter>Header Files</Filter>
    </ClInclude>
    <ClInclude Include="include\vislib\AssociativeCollection.h">
      <Filter>Header Files</Filter>
    </ClInclude>
    <ClInclude Include="include\vislib\CharTraits.h">
      <Filter>Header Files</Filter>
    </ClInclude>
    <ClInclude Include="include\vislib\Collection.h">
      <Filter>Header Files</Filter>
    </ClInclude>
    <ClInclude Include="include\vislib\ColumnFormatter.h">
      <Filter>Header Files</Filter>
    </ClInclude>
    <ClInclude Include="include\vislib\ConstIterator.h">
      <Filter>Header Files</Filter>
    </ClInclude>
    <ClInclude Include="include\vislib\deprecated.h">
      <Filter>Header Files</Filter>
    </ClInclude>
    <ClInclude Include="include\vislib\Exception.h">
      <Filter>Header Files</Filter>
    </ClInclude>
    <ClInclude Include="include\vislib\forceinline.h">
      <Filter>Header Files</Filter>
    </ClInclude>
    <ClInclude Include="include\vislib\FormatException.h">
      <Filter>Header Files</Filter>
    </ClInclude>
    <ClInclude Include="include\vislib\functioncast.h">
      <Filter>Header Files</Filter>
    </ClInclude>
    <ClInclude Include="include\vislib\GUID.h">
      <Filter>Header Files</Filter>
    </ClInclude>
    <ClInclude Include="include\vislib\HashAlgorithm.h">
      <Filter>Header Files</Filter>
    </ClInclude>
    <ClInclude Include="include\vislib\Heap.h">
      <Filter>Header Files</Filter>
    </ClInclude>
    <ClInclude Include="include\vislib\IllegalParamException.h">
      <Filter>Header Files</Filter>
    </ClInclude>
    <ClInclude Include="include\vislib\IllegalStateException.h">
      <Filter>Header Files</Filter>
    </ClInclude>
    <ClInclude Include="include\vislib\Iterator.h">
      <Filter>Header Files</Filter>
    </ClInclude>
    <ClInclude Include="include\vislib\Listenable.h">
      <Filter>Header Files</Filter>
    </ClInclude>
    <ClInclude Include="include\vislib\Map.h">
      <Filter>Header Files</Filter>
    </ClInclude>
    <ClInclude Include="include\vislib\MD5HashProvider.h">
      <Filter>Header Files</Filter>
    </ClInclude>
    <ClInclude Include="include\vislib\memutils.h">
      <Filter>Header Files</Filter>
    </ClInclude>
    <ClInclude Include="include\vislib\MissingImplementationException.h">
      <Filter>Header Files</Filter>
    </ClInclude>
    <ClInclude Include="include\vislib\MultiSz.h">
      <Filter>Header Files</Filter>
    </ClInclude>
    <ClInclude Include="include\vislib\NoSuchElementException.h">
      <Filter>Header Files</Filter>
    </ClInclude>
    <ClInclude Include="include\vislib\NullAllocator.h">
      <Filter>Header Files</Filter>
    </ClInclude>
    <ClInclude Include="include\vislib\NullLockable.h">
      <Filter>Header Files</Filter>
    </ClInclude>
    <ClInclude Include="include\vislib\OrderedCollection.h">
      <Filter>Header Files</Filter>
    </ClInclude>
    <ClInclude Include="include\vislib\OutOfRangeException.h">
      <Filter>Header Files</Filter>
    </ClInclude>
    <ClInclude Include="include\vislib\Pair.h">
      <Filter>Header Files</Filter>
    </ClInclude>
    <ClInclude Include="include\vislib\PtrArray.h">
      <Filter>Header Files</Filter>
    </ClInclude>
    <ClInclude Include="include\vislib\RawStorage.h">
      <Filter>Header Files</Filter>
    </ClInclude>
    <ClInclude Include="include\vislib\RawStoragePool.h">
      <Filter>Header Files</Filter>
    </ClInclude>
    <ClInclude Include="include\vislib\RawStorageSerialiser.h">
      <Filter>Header Files</Filter>
    </ClInclude>
    <ClInclude Include="include\vislib\RawStorageWriter.h">
      <Filter>Header Files</Filter>
    </ClInclude>
    <ClInclude Include="include\vislib\ReferenceCounted.h">
      <Filter>Header Files</Filter>
    </ClInclude>
    <ClInclude Include="include\vislib\Serialisable.h">
      <Filter>Header Files</Filter>
    </ClInclude>
    <ClInclude Include="include\vislib\Serialiser.h">
      <Filter>Header Files</Filter>
    </ClInclude>
    <ClInclude Include="include\vislib\SHA1HashProvider.h">
      <Filter>Header Files</Filter>
    </ClInclude>
    <ClInclude Include="include\vislib\SingleAllocator.h">
      <Filter>Header Files</Filter>
    </ClInclude>
    <ClInclude Include="include\vislib\SingleLinkedList.h">
      <Filter>Header Files</Filter>
    </ClInclude>
    <ClInclude Include="include\vislib\SmartPtr.h">
      <Filter>Header Files</Filter>
    </ClInclude>
    <ClInclude Include="include\vislib\SmartRef.h">
      <Filter>Header Files</Filter>
    </ClInclude>
    <ClInclude Include="include\vislib\Stack.h">
      <Filter>Header Files</Filter>
    </ClInclude>
    <ClInclude Include="include\vislib\StackTrace.h">
      <Filter>Header Files</Filter>
    </ClInclude>
    <ClInclude Include="include\vislib\String.h">
      <Filter>Header Files</Filter>
    </ClInclude>
    <ClInclude Include="include\vislib\StringConverter.h">
      <Filter>Header Files</Filter>
    </ClInclude>
    <ClInclude Include="include\vislib\StringSerialiser.h">
      <Filter>Header Files</Filter>
    </ClInclude>
    <ClInclude Include="include\vislib\StringTokeniser.h">
      <Filter>Header Files</Filter>
    </ClInclude>
    <ClInclude Include="include\vislib\tchar.h">
      <Filter>Header Files</Filter>
    </ClInclude>
    <ClInclude Include="include\vislib\Trace.h">
      <Filter>Header Files</Filter>
    </ClInclude>
    <ClInclude Include="include\vislib\types.h">
      <Filter>Header Files</Filter>
    </ClInclude>
    <ClInclude Include="include\vislib\unreferenced.h">
      <Filter>Header Files</Filter>
    </ClInclude>
    <ClInclude Include="include\vislib\UnsupportedOperationException.h">
      <Filter>Header Files</Filter>
    </ClInclude>
    <ClInclude Include="include\vislib\UTF8Encoder.h">
      <Filter>Header Files</Filter>
    </ClInclude>
    <ClInclude Include="include\vislib\utils.h">
      <Filter>Header Files</Filter>
    </ClInclude>
    <ClInclude Include="include\vislib\VersionNumber.h">
      <Filter>Header Files</Filter>
    </ClInclude>
    <ClInclude Include="include\vislib\vislibversion.h">
      <Filter>Header Files</Filter>
    </ClInclude>
    <ClInclude Include="include\vislib\xmlUtils.h">
      <Filter>Header Files</Filter>
    </ClInclude>
    <ClInclude Include="vislibversion.template.h">
      <Filter>Header Files</Filter>
    </ClInclude>
    <ClInclude Include="include\vislib\Delegate.h">
      <Filter>Header Files</Filter>
    </ClInclude>
  </ItemGroup>
  <ItemGroup>
    <None Include="include\vislib\vislibsymbolimportexport.inl">
      <Filter>Header Files</Filter>
    </None>
    <None Include="implementDelegate.pl" />
  </ItemGroup>
  <ItemGroup>
    <CustomBuildStep Include="project.mk" />
  </ItemGroup>
  <ItemGroup>
    <CustomBuild Include="makevislibversion.pl" />
  </ItemGroup>
</Project>