<?xml version="1.0" encoding="utf-8"?>
<Project ToolsVersion="4.0" xmlns="http://schemas.microsoft.com/developer/msbuild/2003">
  <ItemGroup>
    <Filter Include="Source Files">
      <UniqueIdentifier>{4FC737F1-C7A5-4376-A066-2A32D752A2FF}</UniqueIdentifier>
      <Extensions>cpp;c;cc;cxx;def;odl;idl;hpj;bat;asm;asmx</Extensions>
    </Filter>
    <Filter Include="Header Files">
      <UniqueIdentifier>{93995380-89BD-4b04-88EB-625FBE52EBFB}</UniqueIdentifier>
      <Extensions>h;hpp;hxx;hm;inl;inc;xsd</Extensions>
    </Filter>
    <Filter Include="Resource Files">
      <UniqueIdentifier>{67DA6AB6-F800-4c08-8B7A-83BB121AAD01}</UniqueIdentifier>
      <Extensions>rc;ico;cur;bmp;dlg;rc2;rct;bin;rgs;gif;jpg;jpeg;jpe;resx;tiff;tif;png;wav</Extensions>
    </Filter>
  </ItemGroup>
  <ItemGroup>
    <ClCompile Include="src\AbstractOpenGLShader.cpp">
      <Filter>Source Files</Filter>
    </ClCompile>
    <ClCompile Include="src\AbstractOpenGLTexture.cpp">
      <Filter>Source Files</Filter>
    </ClCompile>
    <ClCompile Include="src\ARBShader.cpp">
      <Filter>Source Files</Filter>
    </ClCompile>
    <ClCompile Include="src\CameraOpenGL.cpp">
      <Filter>Source Files</Filter>
    </ClCompile>
    <ClCompile Include="src\ExtensionsDependent.cpp">
      <Filter>Source Files</Filter>
    </ClCompile>
    <ClCompile Include="src\FramebufferObject.cpp">
      <Filter>Source Files</Filter>
    </ClCompile>
    <ClCompile Include="src\glfunctions.cpp">
      <Filter>Source Files</Filter>
    </ClCompile>
    <ClCompile Include="src\GLSLGeometryShader.cpp">
      <Filter>Source Files</Filter>
    </ClCompile>
    <ClCompile Include="src\GLSLShader.cpp">
      <Filter>Source Files</Filter>
    </ClCompile>
    <ClCompile Include="src\GlutMouseInteractionAdapter.cpp">
      <Filter>Source Files</Filter>
    </ClCompile>
    <ClCompile Include="src\glverify.cpp">
      <Filter>Source Files</Filter>
    </ClCompile>
    <ClCompile Include="src\OpenGLException.cpp">
      <Filter>Source Files</Filter>
    </ClCompile>
    <ClCompile Include="src\OpenGLTexture2D.cpp">
      <Filter>Source Files</Filter>
    </ClCompile>
    <ClCompile Include="src\OpenGLVISLogo.cpp">
      <Filter>Source Files</Filter>
    </ClCompile>
    <ClCompile Include="src\OutlineFont.cpp">
      <Filter>Source Files</Filter>
    </ClCompile>
    <ClCompile Include="src\ShaderSource.cpp">
      <Filter>Source Files</Filter>
    </ClCompile>
    <ClCompile Include="src\SimpleFont.cpp">
      <Filter>Source Files</Filter>
    </ClCompile>
    <ClCompile Include="src\GLSLComputeShader.cpp">
      <Filter>Source Files</Filter>
    </ClCompile>
  </ItemGroup>
  <ItemGroup>
    <None Include="src\SimpleFontData.inc">
      <Filter>Source Files</Filter>
    </None>
    <None Include="include\vislib\Verdana.inc">
      <Filter>Header Files</Filter>
    </None>
  </ItemGroup>
  <ItemGroup>
    <ClInclude Include="include\vislib\AbstractOpenGLShader.h">
      <Filter>Header Files</Filter>
    </ClInclude>
    <ClInclude Include="include\vislib\AbstractOpenGLTexture.h">
      <Filter>Header Files</Filter>
    </ClInclude>
    <ClInclude Include="include\vislib\ARBShader.h">
      <Filter>Header Files</Filter>
    </ClInclude>
    <ClInclude Include="include\vislib\CameraOpenGL.h">
      <Filter>Header Files</Filter>
    </ClInclude>
    <ClInclude Include="include\vislib\ExtensionsDependent.h">
      <Filter>Header Files</Filter>
    </ClInclude>
    <ClInclude Include="include\vislib\FramebufferObject.h">
      <Filter>Header Files</Filter>
    </ClInclude>
    <ClInclude Include="include\vislib\glfunctions.h">
      <Filter>Header Files</Filter>
    </ClInclude>
    <ClInclude Include="include\vislib\GLSLGeometryShader.h">
      <Filter>Header Files</Filter>
    </ClInclude>
    <ClInclude Include="include\vislib\GLSLShader.h">
      <Filter>Header Files</Filter>
    </ClInclude>
    <ClInclude Include="include\vislib\GlutMouseInteractionAdapter.h">
      <Filter>Header Files</Filter>
    </ClInclude>
    <ClInclude Include="include\vislib\glverify.h">
      <Filter>Header Files</Filter>
    </ClInclude>
    <ClInclude Include="include\vislib\OpenGLException.h">
      <Filter>Header Files</Filter>
    </ClInclude>
    <ClInclude Include="include\vislib\OpenGLTexture2D.h">
      <Filter>Header Files</Filter>
    </ClInclude>
    <ClInclude Include="include\vislib\OpenGLVISLogo.h">
      <Filter>Header Files</Filter>
    </ClInclude>
    <ClInclude Include="include\vislib\OutlineFont.h">
      <Filter>Header Files</Filter>
    </ClInclude>
    <ClInclude Include="include\vislib\ShaderSource.h">
      <Filter>Header Files</Filter>
    </ClInclude>
    <ClInclude Include="include\vislib\SimpleFont.h">
      <Filter>Header Files</Filter>
    </ClInclude>
    <ClInclude Include="include\vislib\GLSLComputeShader.h">
      <Filter>Header Files</Filter>
    </ClInclude>
  </ItemGroup>
  <ItemGroup>
    <CustomBuildStep Include="Makefile" />
  </ItemGroup>
  <ItemGroup>
    <CustomBuild Include="include\glh\extgen.pl" />
  </ItemGroup>
</Project>